
Microsoft Visual Studio Solution File, Format Version 12.00
# Visual Studio Version 16
VisualStudioVersion = 16.0.30114.105
MinimumVisualStudioVersion = 10.0.40219.1
Project("{9A19103F-16F7-4668-BE54-9A1E7A4F7556}") = "CVU.ERP.Common", "CVU.ERP.Common\CVU.ERP.Common.csproj", "{8ECB630E-6296-49B4-BE97-072DF5E36321}"
EndProject
Project("{9A19103F-16F7-4668-BE54-9A1E7A4F7556}") = "CVU.ERP.Common.Data.Entities", "CVU.ERP.Common.Data.Entities\CVU.ERP.Common.Data.Entities.csproj", "{8BEF53E5-80F7-40C1-A9A7-785C6F22CAF4}"
EndProject
Project("{9A19103F-16F7-4668-BE54-9A1E7A4F7556}") = "CVU.ERP.Common.Data.Persistence.EntityFramework", "CVU.ERP.Common.Data.Persistence.EntityFramework\CVU.ERP.Common.Data.Persistence.EntityFramework.csproj", "{03DA1D73-4E3A-449D-A79F-2DDA6EB8F927}"
EndProject
Project("{9A19103F-16F7-4668-BE54-9A1E7A4F7556}") = "CVU.ERP.Identity", "CVU.ERP.Identity\CVU.ERP.Identity.csproj", "{1235915A-1D08-4308-AAC4-764636DC4A24}"
EndProject
Project("{9A19103F-16F7-4668-BE54-9A1E7A4F7556}") = "CVU.ERP.Infrastructure", "CVU.ERP.Infrastructure\CVU.ERP.Infrastructure.csproj", "{E2B9E84F-5D54-43DE-AF1C-A4E2861CB4CE}"
EndProject
Project("{9A19103F-16F7-4668-BE54-9A1E7A4F7556}") = "CVU.ERP.MessageQueue", "CVU.ERP.MessageQueue\CVU.ERP.MessageQueue.csproj", "{47A984AA-44C1-48C0-A410-FA36DADD40F8}"
EndProject
Project("{9A19103F-16F7-4668-BE54-9A1E7A4F7556}") = "CVU.ERP.Module", "CVU.ERP.Module\CVU.ERP.Module.csproj", "{C746DCAE-0180-42CB-82EB-9E7A86866B72}"
EndProject
Project("{9A19103F-16F7-4668-BE54-9A1E7A4F7556}") = "CVU.ERP.Module.API", "CVU.ERP.Module.API\src\CVU.ERP.Module.API.csproj", "{4E00B8E5-7F2A-4A6C-96CB-86E63545D74E}"
EndProject
Project("{9A19103F-16F7-4668-BE54-9A1E7A4F7556}") = "CVU.ERP.Module.Application", "CVU.ERP.Module.Application\src\CVU.ERP.Module.Application.csproj", "{ACB3A5E1-C89D-40A7-81E8-71EF1CCCD11F}"
EndProject
Project("{9A19103F-16F7-4668-BE54-9A1E7A4F7556}") = "CVU.ERP.Module.Common", "CVU.ERP.Module.Common\src\CVU.ERP.Module.Common.csproj", "{817326C2-4A09-48D1-9211-9A4B9335E3FA}"
EndProject
Project("{9A19103F-16F7-4668-BE54-9A1E7A4F7556}") = "CVU.ERP.Modules.MVC", "CVU.ERP.Module.MVC\CVU.ERP.Modules.MVC.csproj", "{CB048267-75F2-4F64-94C9-8EC46003897F}"
EndProject
Global
	GlobalSection(SolutionConfigurationPlatforms) = preSolution
		Debug|Any CPU = Debug|Any CPU
		Debug|x64 = Debug|x64
		Debug|x86 = Debug|x86
		Release|Any CPU = Release|Any CPU
		Release|x64 = Release|x64
		Release|x86 = Release|x86
	EndGlobalSection
	GlobalSection(ProjectConfigurationPlatforms) = postSolution
		{8ECB630E-6296-49B4-BE97-072DF5E36321}.Debug|Any CPU.ActiveCfg = Debug|Any CPU
		{8ECB630E-6296-49B4-BE97-072DF5E36321}.Debug|Any CPU.Build.0 = Debug|Any CPU
		{8ECB630E-6296-49B4-BE97-072DF5E36321}.Debug|x64.ActiveCfg = Debug|Any CPU
		{8ECB630E-6296-49B4-BE97-072DF5E36321}.Debug|x64.Build.0 = Debug|Any CPU
		{8ECB630E-6296-49B4-BE97-072DF5E36321}.Debug|x86.ActiveCfg = Debug|Any CPU
		{8ECB630E-6296-49B4-BE97-072DF5E36321}.Debug|x86.Build.0 = Debug|Any CPU
		{8ECB630E-6296-49B4-BE97-072DF5E36321}.Release|Any CPU.ActiveCfg = Release|Any CPU
		{8ECB630E-6296-49B4-BE97-072DF5E36321}.Release|Any CPU.Build.0 = Release|Any CPU
		{8ECB630E-6296-49B4-BE97-072DF5E36321}.Release|x64.ActiveCfg = Release|Any CPU
		{8ECB630E-6296-49B4-BE97-072DF5E36321}.Release|x64.Build.0 = Release|Any CPU
		{8ECB630E-6296-49B4-BE97-072DF5E36321}.Release|x86.ActiveCfg = Release|Any CPU
		{8ECB630E-6296-49B4-BE97-072DF5E36321}.Release|x86.Build.0 = Release|Any CPU
		{8BEF53E5-80F7-40C1-A9A7-785C6F22CAF4}.Debug|Any CPU.ActiveCfg = Debug|Any CPU
		{8BEF53E5-80F7-40C1-A9A7-785C6F22CAF4}.Debug|Any CPU.Build.0 = Debug|Any CPU
		{8BEF53E5-80F7-40C1-A9A7-785C6F22CAF4}.Debug|x64.ActiveCfg = Debug|Any CPU
		{8BEF53E5-80F7-40C1-A9A7-785C6F22CAF4}.Debug|x64.Build.0 = Debug|Any CPU
		{8BEF53E5-80F7-40C1-A9A7-785C6F22CAF4}.Debug|x86.ActiveCfg = Debug|Any CPU
		{8BEF53E5-80F7-40C1-A9A7-785C6F22CAF4}.Debug|x86.Build.0 = Debug|Any CPU
		{8BEF53E5-80F7-40C1-A9A7-785C6F22CAF4}.Release|Any CPU.ActiveCfg = Release|Any CPU
		{8BEF53E5-80F7-40C1-A9A7-785C6F22CAF4}.Release|Any CPU.Build.0 = Release|Any CPU
		{8BEF53E5-80F7-40C1-A9A7-785C6F22CAF4}.Release|x64.ActiveCfg = Release|Any CPU
		{8BEF53E5-80F7-40C1-A9A7-785C6F22CAF4}.Release|x64.Build.0 = Release|Any CPU
		{8BEF53E5-80F7-40C1-A9A7-785C6F22CAF4}.Release|x86.ActiveCfg = Release|Any CPU
		{8BEF53E5-80F7-40C1-A9A7-785C6F22CAF4}.Release|x86.Build.0 = Release|Any CPU
		{03DA1D73-4E3A-449D-A79F-2DDA6EB8F927}.Debug|Any CPU.ActiveCfg = Debug|Any CPU
		{03DA1D73-4E3A-449D-A79F-2DDA6EB8F927}.Debug|Any CPU.Build.0 = Debug|Any CPU
		{03DA1D73-4E3A-449D-A79F-2DDA6EB8F927}.Debug|x64.ActiveCfg = Debug|Any CPU
		{03DA1D73-4E3A-449D-A79F-2DDA6EB8F927}.Debug|x64.Build.0 = Debug|Any CPU
		{03DA1D73-4E3A-449D-A79F-2DDA6EB8F927}.Debug|x86.ActiveCfg = Debug|Any CPU
		{03DA1D73-4E3A-449D-A79F-2DDA6EB8F927}.Debug|x86.Build.0 = Debug|Any CPU
		{03DA1D73-4E3A-449D-A79F-2DDA6EB8F927}.Release|Any CPU.ActiveCfg = Release|Any CPU
		{03DA1D73-4E3A-449D-A79F-2DDA6EB8F927}.Release|Any CPU.Build.0 = Release|Any CPU
		{03DA1D73-4E3A-449D-A79F-2DDA6EB8F927}.Release|x64.ActiveCfg = Release|Any CPU
		{03DA1D73-4E3A-449D-A79F-2DDA6EB8F927}.Release|x64.Build.0 = Release|Any CPU
		{03DA1D73-4E3A-449D-A79F-2DDA6EB8F927}.Release|x86.ActiveCfg = Release|Any CPU
		{03DA1D73-4E3A-449D-A79F-2DDA6EB8F927}.Release|x86.Build.0 = Release|Any CPU
		{1235915A-1D08-4308-AAC4-764636DC4A24}.Debug|Any CPU.ActiveCfg = Debug|Any CPU
		{1235915A-1D08-4308-AAC4-764636DC4A24}.Debug|Any CPU.Build.0 = Debug|Any CPU
		{1235915A-1D08-4308-AAC4-764636DC4A24}.Debug|x64.ActiveCfg = Debug|Any CPU
		{1235915A-1D08-4308-AAC4-764636DC4A24}.Debug|x64.Build.0 = Debug|Any CPU
		{1235915A-1D08-4308-AAC4-764636DC4A24}.Debug|x86.ActiveCfg = Debug|Any CPU
		{1235915A-1D08-4308-AAC4-764636DC4A24}.Debug|x86.Build.0 = Debug|Any CPU
		{1235915A-1D08-4308-AAC4-764636DC4A24}.Release|Any CPU.ActiveCfg = Release|Any CPU
		{1235915A-1D08-4308-AAC4-764636DC4A24}.Release|Any CPU.Build.0 = Release|Any CPU
		{1235915A-1D08-4308-AAC4-764636DC4A24}.Release|x64.ActiveCfg = Release|Any CPU
		{1235915A-1D08-4308-AAC4-764636DC4A24}.Release|x64.Build.0 = Release|Any CPU
		{1235915A-1D08-4308-AAC4-764636DC4A24}.Release|x86.ActiveCfg = Release|Any CPU
		{1235915A-1D08-4308-AAC4-764636DC4A24}.Release|x86.Build.0 = Release|Any CPU
		{E2B9E84F-5D54-43DE-AF1C-A4E2861CB4CE}.Debug|Any CPU.ActiveCfg = Debug|Any CPU
		{E2B9E84F-5D54-43DE-AF1C-A4E2861CB4CE}.Debug|Any CPU.Build.0 = Debug|Any CPU
		{E2B9E84F-5D54-43DE-AF1C-A4E2861CB4CE}.Debug|x64.ActiveCfg = Debug|Any CPU
		{E2B9E84F-5D54-43DE-AF1C-A4E2861CB4CE}.Debug|x64.Build.0 = Debug|Any CPU
		{E2B9E84F-5D54-43DE-AF1C-A4E2861CB4CE}.Debug|x86.ActiveCfg = Debug|Any CPU
		{E2B9E84F-5D54-43DE-AF1C-A4E2861CB4CE}.Debug|x86.Build.0 = Debug|Any CPU
		{E2B9E84F-5D54-43DE-AF1C-A4E2861CB4CE}.Release|Any CPU.ActiveCfg = Release|Any CPU
		{E2B9E84F-5D54-43DE-AF1C-A4E2861CB4CE}.Release|Any CPU.Build.0 = Release|Any CPU
		{E2B9E84F-5D54-43DE-AF1C-A4E2861CB4CE}.Release|x64.ActiveCfg = Release|Any CPU
		{E2B9E84F-5D54-43DE-AF1C-A4E2861CB4CE}.Release|x64.Build.0 = Release|Any CPU
		{E2B9E84F-5D54-43DE-AF1C-A4E2861CB4CE}.Release|x86.ActiveCfg = Release|Any CPU
		{E2B9E84F-5D54-43DE-AF1C-A4E2861CB4CE}.Release|x86.Build.0 = Release|Any CPU
		{47A984AA-44C1-48C0-A410-FA36DADD40F8}.Debug|Any CPU.ActiveCfg = Debug|Any CPU
		{47A984AA-44C1-48C0-A410-FA36DADD40F8}.Debug|Any CPU.Build.0 = Debug|Any CPU
		{47A984AA-44C1-48C0-A410-FA36DADD40F8}.Debug|x64.ActiveCfg = Debug|Any CPU
		{47A984AA-44C1-48C0-A410-FA36DADD40F8}.Debug|x64.Build.0 = Debug|Any CPU
		{47A984AA-44C1-48C0-A410-FA36DADD40F8}.Debug|x86.ActiveCfg = Debug|Any CPU
		{47A984AA-44C1-48C0-A410-FA36DADD40F8}.Debug|x86.Build.0 = Debug|Any CPU
		{47A984AA-44C1-48C0-A410-FA36DADD40F8}.Release|Any CPU.ActiveCfg = Release|Any CPU
		{47A984AA-44C1-48C0-A410-FA36DADD40F8}.Release|Any CPU.Build.0 = Release|Any CPU
		{47A984AA-44C1-48C0-A410-FA36DADD40F8}.Release|x64.ActiveCfg = Release|Any CPU
		{47A984AA-44C1-48C0-A410-FA36DADD40F8}.Release|x64.Build.0 = Release|Any CPU
		{47A984AA-44C1-48C0-A410-FA36DADD40F8}.Release|x86.ActiveCfg = Release|Any CPU
		{47A984AA-44C1-48C0-A410-FA36DADD40F8}.Release|x86.Build.0 = Release|Any CPU
		{C746DCAE-0180-42CB-82EB-9E7A86866B72}.Debug|Any CPU.ActiveCfg = Debug|Any CPU
		{C746DCAE-0180-42CB-82EB-9E7A86866B72}.Debug|Any CPU.Build.0 = Debug|Any CPU
		{C746DCAE-0180-42CB-82EB-9E7A86866B72}.Debug|x64.ActiveCfg = Debug|Any CPU
		{C746DCAE-0180-42CB-82EB-9E7A86866B72}.Debug|x64.Build.0 = Debug|Any CPU
		{C746DCAE-0180-42CB-82EB-9E7A86866B72}.Debug|x86.ActiveCfg = Debug|Any CPU
		{C746DCAE-0180-42CB-82EB-9E7A86866B72}.Debug|x86.Build.0 = Debug|Any CPU
		{C746DCAE-0180-42CB-82EB-9E7A86866B72}.Release|Any CPU.ActiveCfg = Release|Any CPU
		{C746DCAE-0180-42CB-82EB-9E7A86866B72}.Release|Any CPU.Build.0 = Release|Any CPU
		{C746DCAE-0180-42CB-82EB-9E7A86866B72}.Release|x64.ActiveCfg = Release|Any CPU
		{C746DCAE-0180-42CB-82EB-9E7A86866B72}.Release|x64.Build.0 = Release|Any CPU
		{C746DCAE-0180-42CB-82EB-9E7A86866B72}.Release|x86.ActiveCfg = Release|Any CPU
		{C746DCAE-0180-42CB-82EB-9E7A86866B72}.Release|x86.Build.0 = Release|Any CPU
		{4E00B8E5-7F2A-4A6C-96CB-86E63545D74E}.Debug|Any CPU.ActiveCfg = Debug|Any CPU
		{4E00B8E5-7F2A-4A6C-96CB-86E63545D74E}.Debug|Any CPU.Build.0 = Debug|Any CPU
		{4E00B8E5-7F2A-4A6C-96CB-86E63545D74E}.Debug|x64.ActiveCfg = Debug|Any CPU
		{4E00B8E5-7F2A-4A6C-96CB-86E63545D74E}.Debug|x64.Build.0 = Debug|Any CPU
		{4E00B8E5-7F2A-4A6C-96CB-86E63545D74E}.Debug|x86.ActiveCfg = Debug|Any CPU
		{4E00B8E5-7F2A-4A6C-96CB-86E63545D74E}.Debug|x86.Build.0 = Debug|Any CPU
		{4E00B8E5-7F2A-4A6C-96CB-86E63545D74E}.Release|Any CPU.ActiveCfg = Release|Any CPU
		{4E00B8E5-7F2A-4A6C-96CB-86E63545D74E}.Release|Any CPU.Build.0 = Release|Any CPU
		{4E00B8E5-7F2A-4A6C-96CB-86E63545D74E}.Release|x64.ActiveCfg = Release|Any CPU
		{4E00B8E5-7F2A-4A6C-96CB-86E63545D74E}.Release|x64.Build.0 = Release|Any CPU
		{4E00B8E5-7F2A-4A6C-96CB-86E63545D74E}.Release|x86.ActiveCfg = Release|Any CPU
		{4E00B8E5-7F2A-4A6C-96CB-86E63545D74E}.Release|x86.Build.0 = Release|Any CPU
		{ACB3A5E1-C89D-40A7-81E8-71EF1CCCD11F}.Debug|Any CPU.ActiveCfg = Debug|Any CPU
		{ACB3A5E1-C89D-40A7-81E8-71EF1CCCD11F}.Debug|Any CPU.Build.0 = Debug|Any CPU
		{ACB3A5E1-C89D-40A7-81E8-71EF1CCCD11F}.Debug|x64.ActiveCfg = Debug|Any CPU
		{ACB3A5E1-C89D-40A7-81E8-71EF1CCCD11F}.Debug|x64.Build.0 = Debug|Any CPU
		{ACB3A5E1-C89D-40A7-81E8-71EF1CCCD11F}.Debug|x86.ActiveCfg = Debug|Any CPU
		{ACB3A5E1-C89D-40A7-81E8-71EF1CCCD11F}.Debug|x86.Build.0 = Debug|Any CPU
		{ACB3A5E1-C89D-40A7-81E8-71EF1CCCD11F}.Release|Any CPU.ActiveCfg = Release|Any CPU
		{ACB3A5E1-C89D-40A7-81E8-71EF1CCCD11F}.Release|Any CPU.Build.0 = Release|Any CPU
		{ACB3A5E1-C89D-40A7-81E8-71EF1CCCD11F}.Release|x64.ActiveCfg = Release|Any CPU
		{ACB3A5E1-C89D-40A7-81E8-71EF1CCCD11F}.Release|x64.Build.0 = Release|Any CPU
		{ACB3A5E1-C89D-40A7-81E8-71EF1CCCD11F}.Release|x86.ActiveCfg = Release|Any CPU
		{ACB3A5E1-C89D-40A7-81E8-71EF1CCCD11F}.Release|x86.Build.0 = Release|Any CPU
		{817326C2-4A09-48D1-9211-9A4B9335E3FA}.Debug|Any CPU.ActiveCfg = Debug|Any CPU
		{817326C2-4A09-48D1-9211-9A4B9335E3FA}.Debug|Any CPU.Build.0 = Debug|Any CPU
		{817326C2-4A09-48D1-9211-9A4B9335E3FA}.Debug|x64.ActiveCfg = Debug|Any CPU
		{817326C2-4A09-48D1-9211-9A4B9335E3FA}.Debug|x64.Build.0 = Debug|Any CPU
		{817326C2-4A09-48D1-9211-9A4B9335E3FA}.Debug|x86.ActiveCfg = Debug|Any CPU
		{817326C2-4A09-48D1-9211-9A4B9335E3FA}.Debug|x86.Build.0 = Debug|Any CPU
		{817326C2-4A09-48D1-9211-9A4B9335E3FA}.Release|Any CPU.ActiveCfg = Release|Any CPU
		{817326C2-4A09-48D1-9211-9A4B9335E3FA}.Release|Any CPU.Build.0 = Release|Any CPU
		{817326C2-4A09-48D1-9211-9A4B9335E3FA}.Release|x64.ActiveCfg = Release|Any CPU
		{817326C2-4A09-48D1-9211-9A4B9335E3FA}.Release|x64.Build.0 = Release|Any CPU
		{817326C2-4A09-48D1-9211-9A4B9335E3FA}.Release|x86.ActiveCfg = Release|Any CPU
		{817326C2-4A09-48D1-9211-9A4B9335E3FA}.Release|x86.Build.0 = Release|Any CPU
		{CB048267-75F2-4F64-94C9-8EC46003897F}.Debug|Any CPU.ActiveCfg = Debug|Any CPU
		{CB048267-75F2-4F64-94C9-8EC46003897F}.Debug|Any CPU.Build.0 = Debug|Any CPU
		{CB048267-75F2-4F64-94C9-8EC46003897F}.Debug|x64.ActiveCfg = Debug|Any CPU
		{CB048267-75F2-4F64-94C9-8EC46003897F}.Debug|x64.Build.0 = Debug|Any CPU
		{CB048267-75F2-4F64-94C9-8EC46003897F}.Debug|x86.ActiveCfg = Debug|Any CPU
		{CB048267-75F2-4F64-94C9-8EC46003897F}.Debug|x86.Build.0 = Debug|Any CPU
		{CB048267-75F2-4F64-94C9-8EC46003897F}.Release|Any CPU.ActiveCfg = Release|Any CPU
		{CB048267-75F2-4F64-94C9-8EC46003897F}.Release|Any CPU.Build.0 = Release|Any CPU
		{CB048267-75F2-4F64-94C9-8EC46003897F}.Release|x64.ActiveCfg = Release|Any CPU
		{CB048267-75F2-4F64-94C9-8EC46003897F}.Release|x64.Build.0 = Release|Any CPU
		{CB048267-75F2-4F64-94C9-8EC46003897F}.Release|x86.ActiveCfg = Release|Any CPU
		{CB048267-75F2-4F64-94C9-8EC46003897F}.Release|x86.Build.0 = Release|Any CPU
	EndGlobalSection
	GlobalSection(SolutionProperties) = preSolution
		HideSolutionNode = FALSE
	EndGlobalSection
	GlobalSection(ExtensibilityGlobals) = postSolution
		SolutionGuid = {B2C2FE2C-C825-4DE7-89DB-EFE2E644ABA7}
	EndGlobalSection
EndGlobal
