
Microsoft Visual Studio Solution File, Format Version 12.00
# Visual Studio Version 17
VisualStudioVersion = 17.2.32630.192
MinimumVisualStudioVersion = 10.0.40219.1
Project("{2150E333-8FDC-42A3-9474-1A3956D46DE8}") = "Common", "Common", "{D2FE3D6E-F069-4769-B9BC-34DA747A1622}"
EndProject
Project("{2150E333-8FDC-42A3-9474-1A3956D46DE8}") = "Microservices", "Microservices", "{1CD727B1-0B59-44C4-9B28-FE94CB82D656}"
EndProject
Project("{2150E333-8FDC-42A3-9474-1A3956D46DE8}") = "CODWER.Common", "CODWER.Common", "{0DCC9B0A-695B-4CE4-9904-F86A3141D25D}"
EndProject
Project("{2150E333-8FDC-42A3-9474-1A3956D46DE8}") = "CODWER.DataTransferObjects", "CODWER.DataTransferObjects", "{E328EAD5-C397-4F58-A9BE-34BE02D6A87B}"
EndProject
Project("{2150E333-8FDC-42A3-9474-1A3956D46DE8}") = "CODWER.RERU.Core", "CODWER.RERU.Core", "{9BF9A642-6D4A-4E83-9488-EB3CEAFD80D0}"
EndProject
Project("{2150E333-8FDC-42A3-9474-1A3956D46DE8}") = "CODWER.RERU.Personal", "CODWER.RERU.Personal", "{0B5D4321-2A3E-4E94-8CDD-B110434F26EF}"
EndProject
Project("{2150E333-8FDC-42A3-9474-1A3956D46DE8}") = "CODWER.RERU.Evaluation", "CODWER.RERU.Evaluation", "{AEDB65A2-0F39-4F52-8174-229C7A53AA40}"
EndProject
Project("{9A19103F-16F7-4668-BE54-9A1E7A4F7556}") = "CVU.ERP.Common", "Common\CODWER.Common\CVU.ERP.Common\CVU.ERP.Common.csproj", "{6B33A318-EB6C-486B-8F6D-6DD0D7AAF4E1}"
EndProject
Project("{9A19103F-16F7-4668-BE54-9A1E7A4F7556}") = "CVU.ERP.Common.Data.Entities", "Common\CODWER.Common\CVU.ERP.Common.Data.Entities\CVU.ERP.Common.Data.Entities.csproj", "{8F43FADA-7266-4AD8-AD33-9D82439C4ED8}"
EndProject
Project("{9A19103F-16F7-4668-BE54-9A1E7A4F7556}") = "CVU.ERP.Identity", "Common\CODWER.Common\CVU.ERP.Identity\CVU.ERP.Identity.csproj", "{33472E83-4FAD-46F1-BE8B-B58B50E6AC9F}"
EndProject
Project("{9A19103F-16F7-4668-BE54-9A1E7A4F7556}") = "CVU.ERP.Infrastructure", "Common\CODWER.Common\CVU.ERP.Infrastructure\CVU.ERP.Infrastructure.csproj", "{FA2393DC-AE89-4C17-81E9-D30E571ECC1F}"
EndProject
Project("{9A19103F-16F7-4668-BE54-9A1E7A4F7556}") = "CVU.ERP.MessageQueue", "Common\CODWER.Common\CVU.ERP.MessageQueue\CVU.ERP.MessageQueue.csproj", "{A6E550D4-6630-4D4C-9E8E-299146B52787}"
EndProject
Project("{9A19103F-16F7-4668-BE54-9A1E7A4F7556}") = "CVU.ERP.Module", "Common\CODWER.Common\CVU.ERP.Module\CVU.ERP.Module.csproj", "{D074B647-F661-415B-AE73-6D2678418434}"
EndProject
Project("{9A19103F-16F7-4668-BE54-9A1E7A4F7556}") = "CVU.ERP.Module.API", "Common\CODWER.Common\CVU.ERP.Module.API\src\CVU.ERP.Module.API.csproj", "{01DC41C4-264F-4C3C-B9C0-453714ECE0D8}"
EndProject
Project("{9A19103F-16F7-4668-BE54-9A1E7A4F7556}") = "CVU.ERP.Module.Application", "Common\CODWER.Common\CVU.ERP.Module.Application\src\CVU.ERP.Module.Application.csproj", "{B2246CF6-EEA5-4165-B25A-2E00FC93108B}"
EndProject
Project("{9A19103F-16F7-4668-BE54-9A1E7A4F7556}") = "CVU.ERP.Module.Common", "Common\CODWER.Common\CVU.ERP.Module.Common\src\CVU.ERP.Module.Common.csproj", "{FA133D0E-9681-4326-8E5E-491F4A4AABA0}"
EndProject
Project("{9A19103F-16F7-4668-BE54-9A1E7A4F7556}") = "CVU.ERP.Common.DataTransferObjects", "Common\CODWER.DataTransferObjects\CVU.ERP.Common.DataTransferObjects.csproj", "{FCFAEF94-F21C-4543-B2BA-A46ECF0C13A3}"
EndProject
Project("{9A19103F-16F7-4668-BE54-9A1E7A4F7556}") = "CVU.ERP.Common.Data.Persistence.EntityFramework", "Common\CODWER.Common\CVU.ERP.Common.Data.Persistence.EntityFramework\CVU.ERP.Common.Data.Persistence.EntityFramework.csproj", "{8EE831C8-1A4F-4ABD-BA73-D95B130F41F3}"
EndProject
Project("{9A19103F-16F7-4668-BE54-9A1E7A4F7556}") = "CODWER.RERU.Core.API", "Microservices\CODWER.RERU.Core\CODWER.RERU.Core.API\CODWER.RERU.Core.API.csproj", "{0512B099-7575-49F2-BD07-9E23607957E9}"
EndProject
Project("{9A19103F-16F7-4668-BE54-9A1E7A4F7556}") = "CODWER.RERU.Core.Application", "Microservices\CODWER.RERU.Core\CODWER.RERU.Core.Application\CODWER.RERU.Core.Application.csproj", "{82844136-A3FC-49F8-9BCE-4BE5AC5D0992}"
EndProject
Project("{9A19103F-16F7-4668-BE54-9A1E7A4F7556}") = "CODWER.RERU.Core.DataTransferObjects", "Microservices\CODWER.RERU.Core\CODWER.RERU.Core.DataTransferObjects\CODWER.RERU.Core.DataTransferObjects.csproj", "{22C8D342-47E1-4678-8BD0-A125795C9C55}"
EndProject
Project("{9A19103F-16F7-4668-BE54-9A1E7A4F7556}") = "CODWER.RERU.Evaluation.API", "Microservices\CODWER.RERU.Evaluation\CODWER.RERU.Evaluation.API\CODWER.RERU.Evaluation.API.csproj", "{50B57DF5-C903-40FE-8844-F987DF47FF0E}"
EndProject
Project("{9A19103F-16F7-4668-BE54-9A1E7A4F7556}") = "CODWER.RERU.Evaluation.Application", "Microservices\CODWER.RERU.Evaluation\CODWER.RERU.Evaluation.Application\CODWER.RERU.Evaluation.Application.csproj", "{035E0FE1-3B26-4588-AD07-41AA9D63E261}"
EndProject
Project("{9A19103F-16F7-4668-BE54-9A1E7A4F7556}") = "CODWER.RERU.Evaluation.DataTransferObjects", "Microservices\CODWER.RERU.Evaluation\CODWER.RERU.Evaluation.DataTransferObjects\CODWER.RERU.Evaluation.DataTransferObjects.csproj", "{BDDA1C2B-175E-4FE9-94EA-0F16711921EB}"
EndProject
Project("{9A19103F-16F7-4668-BE54-9A1E7A4F7556}") = "CODWER.RERU.Personal.API", "Microservices\CODWER.RERU.Personal\CODWER.RERU.Personal.API\CODWER.RERU.Personal.API.csproj", "{581AFC3D-452D-40EA-BC75-F56F9B539076}"
EndProject
Project("{9A19103F-16F7-4668-BE54-9A1E7A4F7556}") = "CODWER.RERU.Personal.Application", "Microservices\CODWER.RERU.Personal\CODWER.RERU.Personal.Application\CODWER.RERU.Personal.Application.csproj", "{975C9C6D-04B5-482B-8A42-EC888789750C}"
EndProject
Project("{9A19103F-16F7-4668-BE54-9A1E7A4F7556}") = "CODWER.RERU.Personal.DataTransferObjects", "Microservices\CODWER.RERU.Personal\CODWER.RERU.Personal.DataTransferObjects\CODWER.RERU.Personal.DataTransferObjects.csproj", "{F29D67FA-6398-4AD1-97C2-435020446635}"
EndProject
Project("{2150E333-8FDC-42A3-9474-1A3956D46DE8}") = "CODWER.RERU.Identity", "CODWER.RERU.Identity", "{6A500DED-4BA9-4F03-9F4D-E2D077050881}"
EndProject
Project("{9A19103F-16F7-4668-BE54-9A1E7A4F7556}") = "CODWER.RERU.IdentityMigrator.Console", "Microservices\CODWER.RERU.Identity\CODWER.RERU.IdentityMigrator.Console\CODWER.RERU.IdentityMigrator.Console.csproj", "{5F2751A4-5D90-46B8-8F98-10482B438B3A}"
EndProject
Project("{9A19103F-16F7-4668-BE54-9A1E7A4F7556}") = "CODWER.RERU.Identity.Web", "Microservices\CODWER.RERU.Identity\CODWER.RERU.Identity.Web\CODWER.RERU.Identity.Web.csproj", "{C607DB0C-FFD1-446E-8D97-53392607F0E2}"
EndProject
Project("{2150E333-8FDC-42A3-9474-1A3956D46DE8}") = "CODWER.RERU.Gateway", "CODWER.RERU.Gateway", "{AEA2C170-D525-46A5-8452-BD6C0A76D19F}"
EndProject
Project("{9A19103F-16F7-4668-BE54-9A1E7A4F7556}") = "CODWER.RERU.Gateway.Internal", "Microservices\CODWER.RERU.Gateway\CODWER.RERU.Gateway.Internal\CODWER.RERU.Gateway.Internal.csproj", "{28A81AC0-6F7A-4A60-B8FB-770CCBE01FA4}"
EndProject
Project("{9A19103F-16F7-4668-BE54-9A1E7A4F7556}") = "CODWER.RERU.Gateway.Public", "Microservices\CODWER.RERU.Gateway\CODWER.RERU.Gateway.Public\CODWER.RERU.Gateway.Public.csproj", "{5AB09C27-DDDF-4683-96F5-32A2139142B5}"
EndProject
Project("{2150E333-8FDC-42A3-9474-1A3956D46DE8}") = "CODWER.RERU.Logging", "CODWER.RERU.Logging", "{7911548B-FE36-4764-A7A5-7477E45E79B6}"
EndProject
Project("{9A19103F-16F7-4668-BE54-9A1E7A4F7556}") = "CODWER.RERU.Logging.API", "Microservices\CODWER.RERU.Logging\CODWER.RERU.Logging.API\CODWER.RERU.Logging.API.csproj", "{4FA58E6D-4EAE-4142-A50F-499CD7D0A176}"
EndProject
Project("{9A19103F-16F7-4668-BE54-9A1E7A4F7556}") = "CODWER.RERU.Logging.Application", "Microservices\CODWER.RERU.Logging\CODWER.RERU.Logging.Application\CODWER.RERU.Logging.Application.csproj", "{C3197515-1CD3-41D9-8A57-1EA401B44F9C}"
EndProject
Project("{9A19103F-16F7-4668-BE54-9A1E7A4F7556}") = "CODWER.RERU.Logging.DataTransferObjects", "Microservices\CODWER.RERU.Logging\CODWER.RERU.Logging.DataTransferObjects\CODWER.RERU.Logging.DataTransferObjects.csproj", "{CE2FB8B9-15CF-41C6-8A4D-E4BE78027BCD}"
EndProject
Project("{9A19103F-16F7-4668-BE54-9A1E7A4F7556}") = "CVU.ERP.Logging", "Common\CODWER.Common\CVU.ERP.Logging\CVU.ERP.Logging.csproj", "{BE0A9535-3782-412F-9310-AD055BDD342F}"
EndProject
Project("{9A19103F-16F7-4668-BE54-9A1E7A4F7556}") = "CODWER.RERU.Logging.Persistence", "Microservices\CODWER.RERU.Logging\CODWER.RERU.Logging.Persistence\CODWER.RERU.Logging.Persistence.csproj", "{12874C34-1A01-439A-979D-B74361AC343B}"
EndProject
Project("{9A19103F-16F7-4668-BE54-9A1E7A4F7556}") = "CVU.ERP.Notifications", "Common\CODWER.Common\CVU.ERP.Notifications\CVU.ERP.Notifications.csproj", "{287FD5A4-193C-4D1D-897E-63705F6C261D}"
EndProject
Project("{2150E333-8FDC-42A3-9474-1A3956D46DE8}") = "CODWER.RERU.Storage", "CODWER.RERU.Storage", "{5CDED419-679B-4980-87B9-CA89F85BE831}"
EndProject
Project("{9A19103F-16F7-4668-BE54-9A1E7A4F7556}") = "CODWER.RERU.Storage.Console", "Microservices\CODWER.RERU.Storage\CODWER.RERU.Storage.Console\CODWER.RERU.Storage.Console.csproj", "{84DB23B2-E76D-4600-996E-9898FE52C242}"
EndProject
Project("{9A19103F-16F7-4668-BE54-9A1E7A4F7556}") = "CVU.ERP.StorageService", "Common\CODWER.Common\CVU.ERP.StorageService\CVU.ERP.StorageService.csproj", "{17FEF077-BC9C-458E-93A7-F57020D9C7D9}"
EndProject
Project("{9A19103F-16F7-4668-BE54-9A1E7A4F7556}") = "RERU.Data.Persistence", "Common\CODWER.Common\RERU.Data.Persistence\RERU.Data.Persistence.csproj", "{95641BD4-B922-40C1-8FA2-6A4D6B9CE681}"
EndProject
Project("{9A19103F-16F7-4668-BE54-9A1E7A4F7556}") = "RERU.Data.Entities", "Common\CODWER.Common\RERU.Data.Entities\RERU.Data.Entities.csproj", "{79F664BC-6160-4EE2-BD0C-AB9D798381E0}"
EndProject
Project("{9A19103F-16F7-4668-BE54-9A1E7A4F7556}") = "CVU.ERP.ServiceProvider", "Common\CODWER.Common\CVU.ERP.ServiceProvider\CVU.ERP.ServiceProvider.csproj", "{8DA72E49-0512-409E-ACE1-285924EBC879}"
EndProject
Project("{2150E333-8FDC-42A3-9474-1A3956D46DE8}") = "CODWER.RERU.Evaluation360", "CODWER.RERU.Evaluation360", "{03A0F27C-A16D-4598-B3E3-27ED8BF66F3F}"
EndProject
Project("{9A19103F-16F7-4668-BE54-9A1E7A4F7556}") = "CODWER.RERU.Evaluation360.API", "Microservices\CODWER.RERU.Evaluation360\CODWER.RERU.Evaluation360.API\CODWER.RERU.Evaluation360.API.csproj", "{41C54A08-374F-448F-AECA-C20C665F1CCC}"
EndProject
Project("{9A19103F-16F7-4668-BE54-9A1E7A4F7556}") = "CODWER.RERU.Evaluation360.Application", "Microservices\CODWER.RERU.Evaluation360\CODWER.RERU.Evaluation360.Application\CODWER.RERU.Evaluation360.Application.csproj", "{C1AB72FD-747A-4257-B8A3-A9018E9AAD65}"
EndProject
Project("{9A19103F-16F7-4668-BE54-9A1E7A4F7556}") = "CODWER.RERU.Evaluation360.DataTransferObjects", "Microservices\CODWER.RERU.Evaluation360\CODWER.RERU.Evaluation360.DataTransferObjects\CODWER.RERU.Evaluation360.DataTransferObjects.csproj", "{2CA740D2-2CC6-4FC6-87EA-65F456895AC5}"
EndProject
Project("{9A19103F-16F7-4668-BE54-9A1E7A4F7556}") = "CODWER.RERU.Core.Data.Persistence", "Microservices\CODWER.RERU.Core\CODWER.RERU.Core.Data.Persistence\CODWER.RERU.Core.Data.Persistence.csproj", "{B8B8F961-37C3-44E2-BF19-19409B71E383}"
EndProject
Project("{2150E333-8FDC-42A3-9474-1A3956D46DE8}") = "MNotifyPackages", "MNotifyPackages", "{2B5D02BB-F939-43A9-8DC7-E6C34D2E8AE6}"
	ProjectSection(SolutionItems) = preProject
		Common\MNotifyPackages\age.extensions.configuration.6.0.7.nupkg = Common\MNotifyPackages\age.extensions.configuration.6.0.7.nupkg
		Common\MNotifyPackages\Age.Integrations.MNotify.6.0.4.nupkg = Common\MNotifyPackages\Age.Integrations.MNotify.6.0.4.nupkg
	EndProjectSection
EndProject
Global
	GlobalSection(SolutionConfigurationPlatforms) = preSolution
		Debug|Any CPU = Debug|Any CPU
		Debug|x64 = Debug|x64
		Debug|x86 = Debug|x86
		Release|Any CPU = Release|Any CPU
		Release|x64 = Release|x64
		Release|x86 = Release|x86
	EndGlobalSection
	GlobalSection(ProjectConfigurationPlatforms) = postSolution
		{6B33A318-EB6C-486B-8F6D-6DD0D7AAF4E1}.Debug|Any CPU.ActiveCfg = Debug|Any CPU
		{6B33A318-EB6C-486B-8F6D-6DD0D7AAF4E1}.Debug|Any CPU.Build.0 = Debug|Any CPU
		{6B33A318-EB6C-486B-8F6D-6DD0D7AAF4E1}.Debug|x64.ActiveCfg = Debug|Any CPU
		{6B33A318-EB6C-486B-8F6D-6DD0D7AAF4E1}.Debug|x64.Build.0 = Debug|Any CPU
		{6B33A318-EB6C-486B-8F6D-6DD0D7AAF4E1}.Debug|x86.ActiveCfg = Debug|Any CPU
		{6B33A318-EB6C-486B-8F6D-6DD0D7AAF4E1}.Debug|x86.Build.0 = Debug|Any CPU
		{6B33A318-EB6C-486B-8F6D-6DD0D7AAF4E1}.Release|Any CPU.ActiveCfg = Release|Any CPU
		{6B33A318-EB6C-486B-8F6D-6DD0D7AAF4E1}.Release|Any CPU.Build.0 = Release|Any CPU
		{6B33A318-EB6C-486B-8F6D-6DD0D7AAF4E1}.Release|x64.ActiveCfg = Release|Any CPU
		{6B33A318-EB6C-486B-8F6D-6DD0D7AAF4E1}.Release|x64.Build.0 = Release|Any CPU
		{6B33A318-EB6C-486B-8F6D-6DD0D7AAF4E1}.Release|x86.ActiveCfg = Release|Any CPU
		{6B33A318-EB6C-486B-8F6D-6DD0D7AAF4E1}.Release|x86.Build.0 = Release|Any CPU
		{8F43FADA-7266-4AD8-AD33-9D82439C4ED8}.Debug|Any CPU.ActiveCfg = Debug|Any CPU
		{8F43FADA-7266-4AD8-AD33-9D82439C4ED8}.Debug|Any CPU.Build.0 = Debug|Any CPU
		{8F43FADA-7266-4AD8-AD33-9D82439C4ED8}.Debug|x64.ActiveCfg = Debug|Any CPU
		{8F43FADA-7266-4AD8-AD33-9D82439C4ED8}.Debug|x64.Build.0 = Debug|Any CPU
		{8F43FADA-7266-4AD8-AD33-9D82439C4ED8}.Debug|x86.ActiveCfg = Debug|Any CPU
		{8F43FADA-7266-4AD8-AD33-9D82439C4ED8}.Debug|x86.Build.0 = Debug|Any CPU
		{8F43FADA-7266-4AD8-AD33-9D82439C4ED8}.Release|Any CPU.ActiveCfg = Release|Any CPU
		{8F43FADA-7266-4AD8-AD33-9D82439C4ED8}.Release|Any CPU.Build.0 = Release|Any CPU
		{8F43FADA-7266-4AD8-AD33-9D82439C4ED8}.Release|x64.ActiveCfg = Release|Any CPU
		{8F43FADA-7266-4AD8-AD33-9D82439C4ED8}.Release|x64.Build.0 = Release|Any CPU
		{8F43FADA-7266-4AD8-AD33-9D82439C4ED8}.Release|x86.ActiveCfg = Release|Any CPU
		{8F43FADA-7266-4AD8-AD33-9D82439C4ED8}.Release|x86.Build.0 = Release|Any CPU
		{33472E83-4FAD-46F1-BE8B-B58B50E6AC9F}.Debug|Any CPU.ActiveCfg = Debug|Any CPU
		{33472E83-4FAD-46F1-BE8B-B58B50E6AC9F}.Debug|Any CPU.Build.0 = Debug|Any CPU
		{33472E83-4FAD-46F1-BE8B-B58B50E6AC9F}.Debug|x64.ActiveCfg = Debug|Any CPU
		{33472E83-4FAD-46F1-BE8B-B58B50E6AC9F}.Debug|x64.Build.0 = Debug|Any CPU
		{33472E83-4FAD-46F1-BE8B-B58B50E6AC9F}.Debug|x86.ActiveCfg = Debug|Any CPU
		{33472E83-4FAD-46F1-BE8B-B58B50E6AC9F}.Debug|x86.Build.0 = Debug|Any CPU
		{33472E83-4FAD-46F1-BE8B-B58B50E6AC9F}.Release|Any CPU.ActiveCfg = Release|Any CPU
		{33472E83-4FAD-46F1-BE8B-B58B50E6AC9F}.Release|Any CPU.Build.0 = Release|Any CPU
		{33472E83-4FAD-46F1-BE8B-B58B50E6AC9F}.Release|x64.ActiveCfg = Release|Any CPU
		{33472E83-4FAD-46F1-BE8B-B58B50E6AC9F}.Release|x64.Build.0 = Release|Any CPU
		{33472E83-4FAD-46F1-BE8B-B58B50E6AC9F}.Release|x86.ActiveCfg = Release|Any CPU
		{33472E83-4FAD-46F1-BE8B-B58B50E6AC9F}.Release|x86.Build.0 = Release|Any CPU
		{FA2393DC-AE89-4C17-81E9-D30E571ECC1F}.Debug|Any CPU.ActiveCfg = Debug|Any CPU
		{FA2393DC-AE89-4C17-81E9-D30E571ECC1F}.Debug|Any CPU.Build.0 = Debug|Any CPU
		{FA2393DC-AE89-4C17-81E9-D30E571ECC1F}.Debug|x64.ActiveCfg = Debug|Any CPU
		{FA2393DC-AE89-4C17-81E9-D30E571ECC1F}.Debug|x64.Build.0 = Debug|Any CPU
		{FA2393DC-AE89-4C17-81E9-D30E571ECC1F}.Debug|x86.ActiveCfg = Debug|Any CPU
		{FA2393DC-AE89-4C17-81E9-D30E571ECC1F}.Debug|x86.Build.0 = Debug|Any CPU
		{FA2393DC-AE89-4C17-81E9-D30E571ECC1F}.Release|Any CPU.ActiveCfg = Release|Any CPU
		{FA2393DC-AE89-4C17-81E9-D30E571ECC1F}.Release|Any CPU.Build.0 = Release|Any CPU
		{FA2393DC-AE89-4C17-81E9-D30E571ECC1F}.Release|x64.ActiveCfg = Release|Any CPU
		{FA2393DC-AE89-4C17-81E9-D30E571ECC1F}.Release|x64.Build.0 = Release|Any CPU
		{FA2393DC-AE89-4C17-81E9-D30E571ECC1F}.Release|x86.ActiveCfg = Release|Any CPU
		{FA2393DC-AE89-4C17-81E9-D30E571ECC1F}.Release|x86.Build.0 = Release|Any CPU
		{A6E550D4-6630-4D4C-9E8E-299146B52787}.Debug|Any CPU.ActiveCfg = Debug|Any CPU
		{A6E550D4-6630-4D4C-9E8E-299146B52787}.Debug|Any CPU.Build.0 = Debug|Any CPU
		{A6E550D4-6630-4D4C-9E8E-299146B52787}.Debug|x64.ActiveCfg = Debug|Any CPU
		{A6E550D4-6630-4D4C-9E8E-299146B52787}.Debug|x64.Build.0 = Debug|Any CPU
		{A6E550D4-6630-4D4C-9E8E-299146B52787}.Debug|x86.ActiveCfg = Debug|Any CPU
		{A6E550D4-6630-4D4C-9E8E-299146B52787}.Debug|x86.Build.0 = Debug|Any CPU
		{A6E550D4-6630-4D4C-9E8E-299146B52787}.Release|Any CPU.ActiveCfg = Release|Any CPU
		{A6E550D4-6630-4D4C-9E8E-299146B52787}.Release|Any CPU.Build.0 = Release|Any CPU
		{A6E550D4-6630-4D4C-9E8E-299146B52787}.Release|x64.ActiveCfg = Release|Any CPU
		{A6E550D4-6630-4D4C-9E8E-299146B52787}.Release|x64.Build.0 = Release|Any CPU
		{A6E550D4-6630-4D4C-9E8E-299146B52787}.Release|x86.ActiveCfg = Release|Any CPU
		{A6E550D4-6630-4D4C-9E8E-299146B52787}.Release|x86.Build.0 = Release|Any CPU
		{D074B647-F661-415B-AE73-6D2678418434}.Debug|Any CPU.ActiveCfg = Debug|Any CPU
		{D074B647-F661-415B-AE73-6D2678418434}.Debug|Any CPU.Build.0 = Debug|Any CPU
		{D074B647-F661-415B-AE73-6D2678418434}.Debug|x64.ActiveCfg = Debug|Any CPU
		{D074B647-F661-415B-AE73-6D2678418434}.Debug|x64.Build.0 = Debug|Any CPU
		{D074B647-F661-415B-AE73-6D2678418434}.Debug|x86.ActiveCfg = Debug|Any CPU
		{D074B647-F661-415B-AE73-6D2678418434}.Debug|x86.Build.0 = Debug|Any CPU
		{D074B647-F661-415B-AE73-6D2678418434}.Release|Any CPU.ActiveCfg = Release|Any CPU
		{D074B647-F661-415B-AE73-6D2678418434}.Release|Any CPU.Build.0 = Release|Any CPU
		{D074B647-F661-415B-AE73-6D2678418434}.Release|x64.ActiveCfg = Release|Any CPU
		{D074B647-F661-415B-AE73-6D2678418434}.Release|x64.Build.0 = Release|Any CPU
		{D074B647-F661-415B-AE73-6D2678418434}.Release|x86.ActiveCfg = Release|Any CPU
		{D074B647-F661-415B-AE73-6D2678418434}.Release|x86.Build.0 = Release|Any CPU
		{01DC41C4-264F-4C3C-B9C0-453714ECE0D8}.Debug|Any CPU.ActiveCfg = Debug|Any CPU
		{01DC41C4-264F-4C3C-B9C0-453714ECE0D8}.Debug|Any CPU.Build.0 = Debug|Any CPU
		{01DC41C4-264F-4C3C-B9C0-453714ECE0D8}.Debug|x64.ActiveCfg = Debug|Any CPU
		{01DC41C4-264F-4C3C-B9C0-453714ECE0D8}.Debug|x64.Build.0 = Debug|Any CPU
		{01DC41C4-264F-4C3C-B9C0-453714ECE0D8}.Debug|x86.ActiveCfg = Debug|Any CPU
		{01DC41C4-264F-4C3C-B9C0-453714ECE0D8}.Debug|x86.Build.0 = Debug|Any CPU
		{01DC41C4-264F-4C3C-B9C0-453714ECE0D8}.Release|Any CPU.ActiveCfg = Release|Any CPU
		{01DC41C4-264F-4C3C-B9C0-453714ECE0D8}.Release|Any CPU.Build.0 = Release|Any CPU
		{01DC41C4-264F-4C3C-B9C0-453714ECE0D8}.Release|x64.ActiveCfg = Release|Any CPU
		{01DC41C4-264F-4C3C-B9C0-453714ECE0D8}.Release|x64.Build.0 = Release|Any CPU
		{01DC41C4-264F-4C3C-B9C0-453714ECE0D8}.Release|x86.ActiveCfg = Release|Any CPU
		{01DC41C4-264F-4C3C-B9C0-453714ECE0D8}.Release|x86.Build.0 = Release|Any CPU
		{B2246CF6-EEA5-4165-B25A-2E00FC93108B}.Debug|Any CPU.ActiveCfg = Debug|Any CPU
		{B2246CF6-EEA5-4165-B25A-2E00FC93108B}.Debug|Any CPU.Build.0 = Debug|Any CPU
		{B2246CF6-EEA5-4165-B25A-2E00FC93108B}.Debug|x64.ActiveCfg = Debug|Any CPU
		{B2246CF6-EEA5-4165-B25A-2E00FC93108B}.Debug|x64.Build.0 = Debug|Any CPU
		{B2246CF6-EEA5-4165-B25A-2E00FC93108B}.Debug|x86.ActiveCfg = Debug|Any CPU
		{B2246CF6-EEA5-4165-B25A-2E00FC93108B}.Debug|x86.Build.0 = Debug|Any CPU
		{B2246CF6-EEA5-4165-B25A-2E00FC93108B}.Release|Any CPU.ActiveCfg = Release|Any CPU
		{B2246CF6-EEA5-4165-B25A-2E00FC93108B}.Release|Any CPU.Build.0 = Release|Any CPU
		{B2246CF6-EEA5-4165-B25A-2E00FC93108B}.Release|x64.ActiveCfg = Release|Any CPU
		{B2246CF6-EEA5-4165-B25A-2E00FC93108B}.Release|x64.Build.0 = Release|Any CPU
		{B2246CF6-EEA5-4165-B25A-2E00FC93108B}.Release|x86.ActiveCfg = Release|Any CPU
		{B2246CF6-EEA5-4165-B25A-2E00FC93108B}.Release|x86.Build.0 = Release|Any CPU
		{FA133D0E-9681-4326-8E5E-491F4A4AABA0}.Debug|Any CPU.ActiveCfg = Debug|Any CPU
		{FA133D0E-9681-4326-8E5E-491F4A4AABA0}.Debug|Any CPU.Build.0 = Debug|Any CPU
		{FA133D0E-9681-4326-8E5E-491F4A4AABA0}.Debug|x64.ActiveCfg = Debug|Any CPU
		{FA133D0E-9681-4326-8E5E-491F4A4AABA0}.Debug|x64.Build.0 = Debug|Any CPU
		{FA133D0E-9681-4326-8E5E-491F4A4AABA0}.Debug|x86.ActiveCfg = Debug|Any CPU
		{FA133D0E-9681-4326-8E5E-491F4A4AABA0}.Debug|x86.Build.0 = Debug|Any CPU
		{FA133D0E-9681-4326-8E5E-491F4A4AABA0}.Release|Any CPU.ActiveCfg = Release|Any CPU
		{FA133D0E-9681-4326-8E5E-491F4A4AABA0}.Release|Any CPU.Build.0 = Release|Any CPU
		{FA133D0E-9681-4326-8E5E-491F4A4AABA0}.Release|x64.ActiveCfg = Release|Any CPU
		{FA133D0E-9681-4326-8E5E-491F4A4AABA0}.Release|x64.Build.0 = Release|Any CPU
		{FA133D0E-9681-4326-8E5E-491F4A4AABA0}.Release|x86.ActiveCfg = Release|Any CPU
		{FA133D0E-9681-4326-8E5E-491F4A4AABA0}.Release|x86.Build.0 = Release|Any CPU
		{FCFAEF94-F21C-4543-B2BA-A46ECF0C13A3}.Debug|Any CPU.ActiveCfg = Debug|Any CPU
		{FCFAEF94-F21C-4543-B2BA-A46ECF0C13A3}.Debug|Any CPU.Build.0 = Debug|Any CPU
		{FCFAEF94-F21C-4543-B2BA-A46ECF0C13A3}.Debug|x64.ActiveCfg = Debug|Any CPU
		{FCFAEF94-F21C-4543-B2BA-A46ECF0C13A3}.Debug|x64.Build.0 = Debug|Any CPU
		{FCFAEF94-F21C-4543-B2BA-A46ECF0C13A3}.Debug|x86.ActiveCfg = Debug|Any CPU
		{FCFAEF94-F21C-4543-B2BA-A46ECF0C13A3}.Debug|x86.Build.0 = Debug|Any CPU
		{FCFAEF94-F21C-4543-B2BA-A46ECF0C13A3}.Release|Any CPU.ActiveCfg = Release|Any CPU
		{FCFAEF94-F21C-4543-B2BA-A46ECF0C13A3}.Release|Any CPU.Build.0 = Release|Any CPU
		{FCFAEF94-F21C-4543-B2BA-A46ECF0C13A3}.Release|x64.ActiveCfg = Release|Any CPU
		{FCFAEF94-F21C-4543-B2BA-A46ECF0C13A3}.Release|x64.Build.0 = Release|Any CPU
		{FCFAEF94-F21C-4543-B2BA-A46ECF0C13A3}.Release|x86.ActiveCfg = Release|Any CPU
		{FCFAEF94-F21C-4543-B2BA-A46ECF0C13A3}.Release|x86.Build.0 = Release|Any CPU
		{8EE831C8-1A4F-4ABD-BA73-D95B130F41F3}.Debug|Any CPU.ActiveCfg = Debug|Any CPU
		{8EE831C8-1A4F-4ABD-BA73-D95B130F41F3}.Debug|Any CPU.Build.0 = Debug|Any CPU
		{8EE831C8-1A4F-4ABD-BA73-D95B130F41F3}.Debug|x64.ActiveCfg = Debug|Any CPU
		{8EE831C8-1A4F-4ABD-BA73-D95B130F41F3}.Debug|x64.Build.0 = Debug|Any CPU
		{8EE831C8-1A4F-4ABD-BA73-D95B130F41F3}.Debug|x86.ActiveCfg = Debug|Any CPU
		{8EE831C8-1A4F-4ABD-BA73-D95B130F41F3}.Debug|x86.Build.0 = Debug|Any CPU
		{8EE831C8-1A4F-4ABD-BA73-D95B130F41F3}.Release|Any CPU.ActiveCfg = Release|Any CPU
		{8EE831C8-1A4F-4ABD-BA73-D95B130F41F3}.Release|Any CPU.Build.0 = Release|Any CPU
		{8EE831C8-1A4F-4ABD-BA73-D95B130F41F3}.Release|x64.ActiveCfg = Release|Any CPU
		{8EE831C8-1A4F-4ABD-BA73-D95B130F41F3}.Release|x64.Build.0 = Release|Any CPU
		{8EE831C8-1A4F-4ABD-BA73-D95B130F41F3}.Release|x86.ActiveCfg = Release|Any CPU
		{8EE831C8-1A4F-4ABD-BA73-D95B130F41F3}.Release|x86.Build.0 = Release|Any CPU
		{0512B099-7575-49F2-BD07-9E23607957E9}.Debug|Any CPU.ActiveCfg = Debug|Any CPU
		{0512B099-7575-49F2-BD07-9E23607957E9}.Debug|Any CPU.Build.0 = Debug|Any CPU
		{0512B099-7575-49F2-BD07-9E23607957E9}.Debug|x64.ActiveCfg = Debug|Any CPU
		{0512B099-7575-49F2-BD07-9E23607957E9}.Debug|x64.Build.0 = Debug|Any CPU
		{0512B099-7575-49F2-BD07-9E23607957E9}.Debug|x86.ActiveCfg = Debug|Any CPU
		{0512B099-7575-49F2-BD07-9E23607957E9}.Debug|x86.Build.0 = Debug|Any CPU
		{0512B099-7575-49F2-BD07-9E23607957E9}.Release|Any CPU.ActiveCfg = Release|Any CPU
		{0512B099-7575-49F2-BD07-9E23607957E9}.Release|Any CPU.Build.0 = Release|Any CPU
		{0512B099-7575-49F2-BD07-9E23607957E9}.Release|x64.ActiveCfg = Release|Any CPU
		{0512B099-7575-49F2-BD07-9E23607957E9}.Release|x64.Build.0 = Release|Any CPU
		{0512B099-7575-49F2-BD07-9E23607957E9}.Release|x86.ActiveCfg = Release|Any CPU
		{0512B099-7575-49F2-BD07-9E23607957E9}.Release|x86.Build.0 = Release|Any CPU
		{82844136-A3FC-49F8-9BCE-4BE5AC5D0992}.Debug|Any CPU.ActiveCfg = Debug|Any CPU
		{82844136-A3FC-49F8-9BCE-4BE5AC5D0992}.Debug|Any CPU.Build.0 = Debug|Any CPU
		{82844136-A3FC-49F8-9BCE-4BE5AC5D0992}.Debug|x64.ActiveCfg = Debug|Any CPU
		{82844136-A3FC-49F8-9BCE-4BE5AC5D0992}.Debug|x64.Build.0 = Debug|Any CPU
		{82844136-A3FC-49F8-9BCE-4BE5AC5D0992}.Debug|x86.ActiveCfg = Debug|Any CPU
		{82844136-A3FC-49F8-9BCE-4BE5AC5D0992}.Debug|x86.Build.0 = Debug|Any CPU
		{82844136-A3FC-49F8-9BCE-4BE5AC5D0992}.Release|Any CPU.ActiveCfg = Release|Any CPU
		{82844136-A3FC-49F8-9BCE-4BE5AC5D0992}.Release|Any CPU.Build.0 = Release|Any CPU
		{82844136-A3FC-49F8-9BCE-4BE5AC5D0992}.Release|x64.ActiveCfg = Release|Any CPU
		{82844136-A3FC-49F8-9BCE-4BE5AC5D0992}.Release|x64.Build.0 = Release|Any CPU
		{82844136-A3FC-49F8-9BCE-4BE5AC5D0992}.Release|x86.ActiveCfg = Release|Any CPU
		{82844136-A3FC-49F8-9BCE-4BE5AC5D0992}.Release|x86.Build.0 = Release|Any CPU
		{22C8D342-47E1-4678-8BD0-A125795C9C55}.Debug|Any CPU.ActiveCfg = Debug|Any CPU
		{22C8D342-47E1-4678-8BD0-A125795C9C55}.Debug|Any CPU.Build.0 = Debug|Any CPU
		{22C8D342-47E1-4678-8BD0-A125795C9C55}.Debug|x64.ActiveCfg = Debug|Any CPU
		{22C8D342-47E1-4678-8BD0-A125795C9C55}.Debug|x64.Build.0 = Debug|Any CPU
		{22C8D342-47E1-4678-8BD0-A125795C9C55}.Debug|x86.ActiveCfg = Debug|Any CPU
		{22C8D342-47E1-4678-8BD0-A125795C9C55}.Debug|x86.Build.0 = Debug|Any CPU
		{22C8D342-47E1-4678-8BD0-A125795C9C55}.Release|Any CPU.ActiveCfg = Release|Any CPU
		{22C8D342-47E1-4678-8BD0-A125795C9C55}.Release|Any CPU.Build.0 = Release|Any CPU
		{22C8D342-47E1-4678-8BD0-A125795C9C55}.Release|x64.ActiveCfg = Release|Any CPU
		{22C8D342-47E1-4678-8BD0-A125795C9C55}.Release|x64.Build.0 = Release|Any CPU
		{22C8D342-47E1-4678-8BD0-A125795C9C55}.Release|x86.ActiveCfg = Release|Any CPU
		{22C8D342-47E1-4678-8BD0-A125795C9C55}.Release|x86.Build.0 = Release|Any CPU
		{50B57DF5-C903-40FE-8844-F987DF47FF0E}.Debug|Any CPU.ActiveCfg = Debug|Any CPU
		{50B57DF5-C903-40FE-8844-F987DF47FF0E}.Debug|Any CPU.Build.0 = Debug|Any CPU
		{50B57DF5-C903-40FE-8844-F987DF47FF0E}.Debug|x64.ActiveCfg = Debug|Any CPU
		{50B57DF5-C903-40FE-8844-F987DF47FF0E}.Debug|x64.Build.0 = Debug|Any CPU
		{50B57DF5-C903-40FE-8844-F987DF47FF0E}.Debug|x86.ActiveCfg = Debug|Any CPU
		{50B57DF5-C903-40FE-8844-F987DF47FF0E}.Debug|x86.Build.0 = Debug|Any CPU
		{50B57DF5-C903-40FE-8844-F987DF47FF0E}.Release|Any CPU.ActiveCfg = Release|Any CPU
		{50B57DF5-C903-40FE-8844-F987DF47FF0E}.Release|Any CPU.Build.0 = Release|Any CPU
		{50B57DF5-C903-40FE-8844-F987DF47FF0E}.Release|x64.ActiveCfg = Release|Any CPU
		{50B57DF5-C903-40FE-8844-F987DF47FF0E}.Release|x64.Build.0 = Release|Any CPU
		{50B57DF5-C903-40FE-8844-F987DF47FF0E}.Release|x86.ActiveCfg = Release|Any CPU
		{50B57DF5-C903-40FE-8844-F987DF47FF0E}.Release|x86.Build.0 = Release|Any CPU
		{035E0FE1-3B26-4588-AD07-41AA9D63E261}.Debug|Any CPU.ActiveCfg = Debug|Any CPU
		{035E0FE1-3B26-4588-AD07-41AA9D63E261}.Debug|Any CPU.Build.0 = Debug|Any CPU
		{035E0FE1-3B26-4588-AD07-41AA9D63E261}.Debug|x64.ActiveCfg = Debug|Any CPU
		{035E0FE1-3B26-4588-AD07-41AA9D63E261}.Debug|x64.Build.0 = Debug|Any CPU
		{035E0FE1-3B26-4588-AD07-41AA9D63E261}.Debug|x86.ActiveCfg = Debug|Any CPU
		{035E0FE1-3B26-4588-AD07-41AA9D63E261}.Debug|x86.Build.0 = Debug|Any CPU
		{035E0FE1-3B26-4588-AD07-41AA9D63E261}.Release|Any CPU.ActiveCfg = Release|Any CPU
		{035E0FE1-3B26-4588-AD07-41AA9D63E261}.Release|Any CPU.Build.0 = Release|Any CPU
		{035E0FE1-3B26-4588-AD07-41AA9D63E261}.Release|x64.ActiveCfg = Release|Any CPU
		{035E0FE1-3B26-4588-AD07-41AA9D63E261}.Release|x64.Build.0 = Release|Any CPU
		{035E0FE1-3B26-4588-AD07-41AA9D63E261}.Release|x86.ActiveCfg = Release|Any CPU
		{035E0FE1-3B26-4588-AD07-41AA9D63E261}.Release|x86.Build.0 = Release|Any CPU
		{BDDA1C2B-175E-4FE9-94EA-0F16711921EB}.Debug|Any CPU.ActiveCfg = Debug|Any CPU
		{BDDA1C2B-175E-4FE9-94EA-0F16711921EB}.Debug|Any CPU.Build.0 = Debug|Any CPU
		{BDDA1C2B-175E-4FE9-94EA-0F16711921EB}.Debug|x64.ActiveCfg = Debug|Any CPU
		{BDDA1C2B-175E-4FE9-94EA-0F16711921EB}.Debug|x64.Build.0 = Debug|Any CPU
		{BDDA1C2B-175E-4FE9-94EA-0F16711921EB}.Debug|x86.ActiveCfg = Debug|Any CPU
		{BDDA1C2B-175E-4FE9-94EA-0F16711921EB}.Debug|x86.Build.0 = Debug|Any CPU
		{BDDA1C2B-175E-4FE9-94EA-0F16711921EB}.Release|Any CPU.ActiveCfg = Release|Any CPU
		{BDDA1C2B-175E-4FE9-94EA-0F16711921EB}.Release|Any CPU.Build.0 = Release|Any CPU
		{BDDA1C2B-175E-4FE9-94EA-0F16711921EB}.Release|x64.ActiveCfg = Release|Any CPU
		{BDDA1C2B-175E-4FE9-94EA-0F16711921EB}.Release|x64.Build.0 = Release|Any CPU
		{BDDA1C2B-175E-4FE9-94EA-0F16711921EB}.Release|x86.ActiveCfg = Release|Any CPU
		{BDDA1C2B-175E-4FE9-94EA-0F16711921EB}.Release|x86.Build.0 = Release|Any CPU
		{581AFC3D-452D-40EA-BC75-F56F9B539076}.Debug|Any CPU.ActiveCfg = Debug|Any CPU
		{581AFC3D-452D-40EA-BC75-F56F9B539076}.Debug|Any CPU.Build.0 = Debug|Any CPU
		{581AFC3D-452D-40EA-BC75-F56F9B539076}.Debug|x64.ActiveCfg = Debug|Any CPU
		{581AFC3D-452D-40EA-BC75-F56F9B539076}.Debug|x64.Build.0 = Debug|Any CPU
		{581AFC3D-452D-40EA-BC75-F56F9B539076}.Debug|x86.ActiveCfg = Debug|Any CPU
		{581AFC3D-452D-40EA-BC75-F56F9B539076}.Debug|x86.Build.0 = Debug|Any CPU
		{581AFC3D-452D-40EA-BC75-F56F9B539076}.Release|Any CPU.ActiveCfg = Release|Any CPU
		{581AFC3D-452D-40EA-BC75-F56F9B539076}.Release|Any CPU.Build.0 = Release|Any CPU
		{581AFC3D-452D-40EA-BC75-F56F9B539076}.Release|x64.ActiveCfg = Release|Any CPU
		{581AFC3D-452D-40EA-BC75-F56F9B539076}.Release|x64.Build.0 = Release|Any CPU
		{581AFC3D-452D-40EA-BC75-F56F9B539076}.Release|x86.ActiveCfg = Release|Any CPU
		{581AFC3D-452D-40EA-BC75-F56F9B539076}.Release|x86.Build.0 = Release|Any CPU
		{975C9C6D-04B5-482B-8A42-EC888789750C}.Debug|Any CPU.ActiveCfg = Debug|Any CPU
		{975C9C6D-04B5-482B-8A42-EC888789750C}.Debug|Any CPU.Build.0 = Debug|Any CPU
		{975C9C6D-04B5-482B-8A42-EC888789750C}.Debug|x64.ActiveCfg = Debug|Any CPU
		{975C9C6D-04B5-482B-8A42-EC888789750C}.Debug|x64.Build.0 = Debug|Any CPU
		{975C9C6D-04B5-482B-8A42-EC888789750C}.Debug|x86.ActiveCfg = Debug|Any CPU
		{975C9C6D-04B5-482B-8A42-EC888789750C}.Debug|x86.Build.0 = Debug|Any CPU
		{975C9C6D-04B5-482B-8A42-EC888789750C}.Release|Any CPU.ActiveCfg = Release|Any CPU
		{975C9C6D-04B5-482B-8A42-EC888789750C}.Release|Any CPU.Build.0 = Release|Any CPU
		{975C9C6D-04B5-482B-8A42-EC888789750C}.Release|x64.ActiveCfg = Release|Any CPU
		{975C9C6D-04B5-482B-8A42-EC888789750C}.Release|x64.Build.0 = Release|Any CPU
		{975C9C6D-04B5-482B-8A42-EC888789750C}.Release|x86.ActiveCfg = Release|Any CPU
		{975C9C6D-04B5-482B-8A42-EC888789750C}.Release|x86.Build.0 = Release|Any CPU
		{F29D67FA-6398-4AD1-97C2-435020446635}.Debug|Any CPU.ActiveCfg = Debug|Any CPU
		{F29D67FA-6398-4AD1-97C2-435020446635}.Debug|Any CPU.Build.0 = Debug|Any CPU
		{F29D67FA-6398-4AD1-97C2-435020446635}.Debug|x64.ActiveCfg = Debug|Any CPU
		{F29D67FA-6398-4AD1-97C2-435020446635}.Debug|x64.Build.0 = Debug|Any CPU
		{F29D67FA-6398-4AD1-97C2-435020446635}.Debug|x86.ActiveCfg = Debug|Any CPU
		{F29D67FA-6398-4AD1-97C2-435020446635}.Debug|x86.Build.0 = Debug|Any CPU
		{F29D67FA-6398-4AD1-97C2-435020446635}.Release|Any CPU.ActiveCfg = Release|Any CPU
		{F29D67FA-6398-4AD1-97C2-435020446635}.Release|Any CPU.Build.0 = Release|Any CPU
		{F29D67FA-6398-4AD1-97C2-435020446635}.Release|x64.ActiveCfg = Release|Any CPU
		{F29D67FA-6398-4AD1-97C2-435020446635}.Release|x64.Build.0 = Release|Any CPU
		{F29D67FA-6398-4AD1-97C2-435020446635}.Release|x86.ActiveCfg = Release|Any CPU
		{F29D67FA-6398-4AD1-97C2-435020446635}.Release|x86.Build.0 = Release|Any CPU
		{5F2751A4-5D90-46B8-8F98-10482B438B3A}.Debug|Any CPU.ActiveCfg = Debug|Any CPU
		{5F2751A4-5D90-46B8-8F98-10482B438B3A}.Debug|Any CPU.Build.0 = Debug|Any CPU
		{5F2751A4-5D90-46B8-8F98-10482B438B3A}.Debug|x64.ActiveCfg = Debug|Any CPU
		{5F2751A4-5D90-46B8-8F98-10482B438B3A}.Debug|x64.Build.0 = Debug|Any CPU
		{5F2751A4-5D90-46B8-8F98-10482B438B3A}.Debug|x86.ActiveCfg = Debug|Any CPU
		{5F2751A4-5D90-46B8-8F98-10482B438B3A}.Debug|x86.Build.0 = Debug|Any CPU
		{5F2751A4-5D90-46B8-8F98-10482B438B3A}.Release|Any CPU.ActiveCfg = Release|Any CPU
		{5F2751A4-5D90-46B8-8F98-10482B438B3A}.Release|Any CPU.Build.0 = Release|Any CPU
		{5F2751A4-5D90-46B8-8F98-10482B438B3A}.Release|x64.ActiveCfg = Release|Any CPU
		{5F2751A4-5D90-46B8-8F98-10482B438B3A}.Release|x64.Build.0 = Release|Any CPU
		{5F2751A4-5D90-46B8-8F98-10482B438B3A}.Release|x86.ActiveCfg = Release|Any CPU
		{5F2751A4-5D90-46B8-8F98-10482B438B3A}.Release|x86.Build.0 = Release|Any CPU
		{C607DB0C-FFD1-446E-8D97-53392607F0E2}.Debug|Any CPU.ActiveCfg = Debug|Any CPU
		{C607DB0C-FFD1-446E-8D97-53392607F0E2}.Debug|Any CPU.Build.0 = Debug|Any CPU
		{C607DB0C-FFD1-446E-8D97-53392607F0E2}.Debug|x64.ActiveCfg = Debug|Any CPU
		{C607DB0C-FFD1-446E-8D97-53392607F0E2}.Debug|x64.Build.0 = Debug|Any CPU
		{C607DB0C-FFD1-446E-8D97-53392607F0E2}.Debug|x86.ActiveCfg = Debug|Any CPU
		{C607DB0C-FFD1-446E-8D97-53392607F0E2}.Debug|x86.Build.0 = Debug|Any CPU
		{C607DB0C-FFD1-446E-8D97-53392607F0E2}.Release|Any CPU.ActiveCfg = Release|Any CPU
		{C607DB0C-FFD1-446E-8D97-53392607F0E2}.Release|Any CPU.Build.0 = Release|Any CPU
		{C607DB0C-FFD1-446E-8D97-53392607F0E2}.Release|x64.ActiveCfg = Release|Any CPU
		{C607DB0C-FFD1-446E-8D97-53392607F0E2}.Release|x64.Build.0 = Release|Any CPU
		{C607DB0C-FFD1-446E-8D97-53392607F0E2}.Release|x86.ActiveCfg = Release|Any CPU
		{C607DB0C-FFD1-446E-8D97-53392607F0E2}.Release|x86.Build.0 = Release|Any CPU
		{28A81AC0-6F7A-4A60-B8FB-770CCBE01FA4}.Debug|Any CPU.ActiveCfg = Debug|Any CPU
		{28A81AC0-6F7A-4A60-B8FB-770CCBE01FA4}.Debug|Any CPU.Build.0 = Debug|Any CPU
		{28A81AC0-6F7A-4A60-B8FB-770CCBE01FA4}.Debug|x64.ActiveCfg = Debug|Any CPU
		{28A81AC0-6F7A-4A60-B8FB-770CCBE01FA4}.Debug|x64.Build.0 = Debug|Any CPU
		{28A81AC0-6F7A-4A60-B8FB-770CCBE01FA4}.Debug|x86.ActiveCfg = Debug|Any CPU
		{28A81AC0-6F7A-4A60-B8FB-770CCBE01FA4}.Debug|x86.Build.0 = Debug|Any CPU
		{28A81AC0-6F7A-4A60-B8FB-770CCBE01FA4}.Release|Any CPU.ActiveCfg = Release|Any CPU
		{28A81AC0-6F7A-4A60-B8FB-770CCBE01FA4}.Release|Any CPU.Build.0 = Release|Any CPU
		{28A81AC0-6F7A-4A60-B8FB-770CCBE01FA4}.Release|x64.ActiveCfg = Release|Any CPU
		{28A81AC0-6F7A-4A60-B8FB-770CCBE01FA4}.Release|x64.Build.0 = Release|Any CPU
		{28A81AC0-6F7A-4A60-B8FB-770CCBE01FA4}.Release|x86.ActiveCfg = Release|Any CPU
		{28A81AC0-6F7A-4A60-B8FB-770CCBE01FA4}.Release|x86.Build.0 = Release|Any CPU
		{5AB09C27-DDDF-4683-96F5-32A2139142B5}.Debug|Any CPU.ActiveCfg = Debug|Any CPU
		{5AB09C27-DDDF-4683-96F5-32A2139142B5}.Debug|Any CPU.Build.0 = Debug|Any CPU
		{5AB09C27-DDDF-4683-96F5-32A2139142B5}.Debug|x64.ActiveCfg = Debug|Any CPU
		{5AB09C27-DDDF-4683-96F5-32A2139142B5}.Debug|x64.Build.0 = Debug|Any CPU
		{5AB09C27-DDDF-4683-96F5-32A2139142B5}.Debug|x86.ActiveCfg = Debug|Any CPU
		{5AB09C27-DDDF-4683-96F5-32A2139142B5}.Debug|x86.Build.0 = Debug|Any CPU
		{5AB09C27-DDDF-4683-96F5-32A2139142B5}.Release|Any CPU.ActiveCfg = Release|Any CPU
		{5AB09C27-DDDF-4683-96F5-32A2139142B5}.Release|Any CPU.Build.0 = Release|Any CPU
		{5AB09C27-DDDF-4683-96F5-32A2139142B5}.Release|x64.ActiveCfg = Release|Any CPU
		{5AB09C27-DDDF-4683-96F5-32A2139142B5}.Release|x64.Build.0 = Release|Any CPU
		{5AB09C27-DDDF-4683-96F5-32A2139142B5}.Release|x86.ActiveCfg = Release|Any CPU
		{5AB09C27-DDDF-4683-96F5-32A2139142B5}.Release|x86.Build.0 = Release|Any CPU
		{4FA58E6D-4EAE-4142-A50F-499CD7D0A176}.Debug|Any CPU.ActiveCfg = Debug|Any CPU
		{4FA58E6D-4EAE-4142-A50F-499CD7D0A176}.Debug|Any CPU.Build.0 = Debug|Any CPU
		{4FA58E6D-4EAE-4142-A50F-499CD7D0A176}.Debug|x64.ActiveCfg = Debug|Any CPU
		{4FA58E6D-4EAE-4142-A50F-499CD7D0A176}.Debug|x64.Build.0 = Debug|Any CPU
		{4FA58E6D-4EAE-4142-A50F-499CD7D0A176}.Debug|x86.ActiveCfg = Debug|Any CPU
		{4FA58E6D-4EAE-4142-A50F-499CD7D0A176}.Debug|x86.Build.0 = Debug|Any CPU
		{4FA58E6D-4EAE-4142-A50F-499CD7D0A176}.Release|Any CPU.ActiveCfg = Release|Any CPU
		{4FA58E6D-4EAE-4142-A50F-499CD7D0A176}.Release|Any CPU.Build.0 = Release|Any CPU
		{4FA58E6D-4EAE-4142-A50F-499CD7D0A176}.Release|x64.ActiveCfg = Release|Any CPU
		{4FA58E6D-4EAE-4142-A50F-499CD7D0A176}.Release|x64.Build.0 = Release|Any CPU
		{4FA58E6D-4EAE-4142-A50F-499CD7D0A176}.Release|x86.ActiveCfg = Release|Any CPU
		{4FA58E6D-4EAE-4142-A50F-499CD7D0A176}.Release|x86.Build.0 = Release|Any CPU
		{C3197515-1CD3-41D9-8A57-1EA401B44F9C}.Debug|Any CPU.ActiveCfg = Debug|Any CPU
		{C3197515-1CD3-41D9-8A57-1EA401B44F9C}.Debug|Any CPU.Build.0 = Debug|Any CPU
		{C3197515-1CD3-41D9-8A57-1EA401B44F9C}.Debug|x64.ActiveCfg = Debug|Any CPU
		{C3197515-1CD3-41D9-8A57-1EA401B44F9C}.Debug|x64.Build.0 = Debug|Any CPU
		{C3197515-1CD3-41D9-8A57-1EA401B44F9C}.Debug|x86.ActiveCfg = Debug|Any CPU
		{C3197515-1CD3-41D9-8A57-1EA401B44F9C}.Debug|x86.Build.0 = Debug|Any CPU
		{C3197515-1CD3-41D9-8A57-1EA401B44F9C}.Release|Any CPU.ActiveCfg = Release|Any CPU
		{C3197515-1CD3-41D9-8A57-1EA401B44F9C}.Release|Any CPU.Build.0 = Release|Any CPU
		{C3197515-1CD3-41D9-8A57-1EA401B44F9C}.Release|x64.ActiveCfg = Release|Any CPU
		{C3197515-1CD3-41D9-8A57-1EA401B44F9C}.Release|x64.Build.0 = Release|Any CPU
		{C3197515-1CD3-41D9-8A57-1EA401B44F9C}.Release|x86.ActiveCfg = Release|Any CPU
		{C3197515-1CD3-41D9-8A57-1EA401B44F9C}.Release|x86.Build.0 = Release|Any CPU
		{CE2FB8B9-15CF-41C6-8A4D-E4BE78027BCD}.Debug|Any CPU.ActiveCfg = Debug|Any CPU
		{CE2FB8B9-15CF-41C6-8A4D-E4BE78027BCD}.Debug|Any CPU.Build.0 = Debug|Any CPU
		{CE2FB8B9-15CF-41C6-8A4D-E4BE78027BCD}.Debug|x64.ActiveCfg = Debug|Any CPU
		{CE2FB8B9-15CF-41C6-8A4D-E4BE78027BCD}.Debug|x64.Build.0 = Debug|Any CPU
		{CE2FB8B9-15CF-41C6-8A4D-E4BE78027BCD}.Debug|x86.ActiveCfg = Debug|Any CPU
		{CE2FB8B9-15CF-41C6-8A4D-E4BE78027BCD}.Debug|x86.Build.0 = Debug|Any CPU
		{CE2FB8B9-15CF-41C6-8A4D-E4BE78027BCD}.Release|Any CPU.ActiveCfg = Release|Any CPU
		{CE2FB8B9-15CF-41C6-8A4D-E4BE78027BCD}.Release|Any CPU.Build.0 = Release|Any CPU
		{CE2FB8B9-15CF-41C6-8A4D-E4BE78027BCD}.Release|x64.ActiveCfg = Release|Any CPU
		{CE2FB8B9-15CF-41C6-8A4D-E4BE78027BCD}.Release|x64.Build.0 = Release|Any CPU
		{CE2FB8B9-15CF-41C6-8A4D-E4BE78027BCD}.Release|x86.ActiveCfg = Release|Any CPU
		{CE2FB8B9-15CF-41C6-8A4D-E4BE78027BCD}.Release|x86.Build.0 = Release|Any CPU
		{BE0A9535-3782-412F-9310-AD055BDD342F}.Debug|Any CPU.ActiveCfg = Debug|Any CPU
		{BE0A9535-3782-412F-9310-AD055BDD342F}.Debug|Any CPU.Build.0 = Debug|Any CPU
		{BE0A9535-3782-412F-9310-AD055BDD342F}.Debug|x64.ActiveCfg = Debug|Any CPU
		{BE0A9535-3782-412F-9310-AD055BDD342F}.Debug|x64.Build.0 = Debug|Any CPU
		{BE0A9535-3782-412F-9310-AD055BDD342F}.Debug|x86.ActiveCfg = Debug|Any CPU
		{BE0A9535-3782-412F-9310-AD055BDD342F}.Debug|x86.Build.0 = Debug|Any CPU
		{BE0A9535-3782-412F-9310-AD055BDD342F}.Release|Any CPU.ActiveCfg = Release|Any CPU
		{BE0A9535-3782-412F-9310-AD055BDD342F}.Release|Any CPU.Build.0 = Release|Any CPU
		{BE0A9535-3782-412F-9310-AD055BDD342F}.Release|x64.ActiveCfg = Release|Any CPU
		{BE0A9535-3782-412F-9310-AD055BDD342F}.Release|x64.Build.0 = Release|Any CPU
		{BE0A9535-3782-412F-9310-AD055BDD342F}.Release|x86.ActiveCfg = Release|Any CPU
		{BE0A9535-3782-412F-9310-AD055BDD342F}.Release|x86.Build.0 = Release|Any CPU
		{12874C34-1A01-439A-979D-B74361AC343B}.Debug|Any CPU.ActiveCfg = Debug|Any CPU
		{12874C34-1A01-439A-979D-B74361AC343B}.Debug|Any CPU.Build.0 = Debug|Any CPU
		{12874C34-1A01-439A-979D-B74361AC343B}.Debug|x64.ActiveCfg = Debug|Any CPU
		{12874C34-1A01-439A-979D-B74361AC343B}.Debug|x64.Build.0 = Debug|Any CPU
		{12874C34-1A01-439A-979D-B74361AC343B}.Debug|x86.ActiveCfg = Debug|Any CPU
		{12874C34-1A01-439A-979D-B74361AC343B}.Debug|x86.Build.0 = Debug|Any CPU
		{12874C34-1A01-439A-979D-B74361AC343B}.Release|Any CPU.ActiveCfg = Release|Any CPU
		{12874C34-1A01-439A-979D-B74361AC343B}.Release|Any CPU.Build.0 = Release|Any CPU
		{12874C34-1A01-439A-979D-B74361AC343B}.Release|x64.ActiveCfg = Release|Any CPU
		{12874C34-1A01-439A-979D-B74361AC343B}.Release|x64.Build.0 = Release|Any CPU
		{12874C34-1A01-439A-979D-B74361AC343B}.Release|x86.ActiveCfg = Release|Any CPU
		{12874C34-1A01-439A-979D-B74361AC343B}.Release|x86.Build.0 = Release|Any CPU
		{287FD5A4-193C-4D1D-897E-63705F6C261D}.Debug|Any CPU.ActiveCfg = Debug|Any CPU
		{287FD5A4-193C-4D1D-897E-63705F6C261D}.Debug|Any CPU.Build.0 = Debug|Any CPU
		{287FD5A4-193C-4D1D-897E-63705F6C261D}.Debug|x64.ActiveCfg = Debug|Any CPU
		{287FD5A4-193C-4D1D-897E-63705F6C261D}.Debug|x64.Build.0 = Debug|Any CPU
		{287FD5A4-193C-4D1D-897E-63705F6C261D}.Debug|x86.ActiveCfg = Debug|Any CPU
		{287FD5A4-193C-4D1D-897E-63705F6C261D}.Debug|x86.Build.0 = Debug|Any CPU
		{287FD5A4-193C-4D1D-897E-63705F6C261D}.Release|Any CPU.ActiveCfg = Release|Any CPU
		{287FD5A4-193C-4D1D-897E-63705F6C261D}.Release|Any CPU.Build.0 = Release|Any CPU
		{287FD5A4-193C-4D1D-897E-63705F6C261D}.Release|x64.ActiveCfg = Release|Any CPU
		{287FD5A4-193C-4D1D-897E-63705F6C261D}.Release|x64.Build.0 = Release|Any CPU
		{287FD5A4-193C-4D1D-897E-63705F6C261D}.Release|x86.ActiveCfg = Release|Any CPU
		{287FD5A4-193C-4D1D-897E-63705F6C261D}.Release|x86.Build.0 = Release|Any CPU
		{84DB23B2-E76D-4600-996E-9898FE52C242}.Debug|Any CPU.ActiveCfg = Debug|Any CPU
		{84DB23B2-E76D-4600-996E-9898FE52C242}.Debug|Any CPU.Build.0 = Debug|Any CPU
		{84DB23B2-E76D-4600-996E-9898FE52C242}.Debug|x64.ActiveCfg = Debug|Any CPU
		{84DB23B2-E76D-4600-996E-9898FE52C242}.Debug|x64.Build.0 = Debug|Any CPU
		{84DB23B2-E76D-4600-996E-9898FE52C242}.Debug|x86.ActiveCfg = Debug|Any CPU
		{84DB23B2-E76D-4600-996E-9898FE52C242}.Debug|x86.Build.0 = Debug|Any CPU
		{84DB23B2-E76D-4600-996E-9898FE52C242}.Release|Any CPU.ActiveCfg = Release|Any CPU
		{84DB23B2-E76D-4600-996E-9898FE52C242}.Release|Any CPU.Build.0 = Release|Any CPU
		{84DB23B2-E76D-4600-996E-9898FE52C242}.Release|x64.ActiveCfg = Release|Any CPU
		{84DB23B2-E76D-4600-996E-9898FE52C242}.Release|x64.Build.0 = Release|Any CPU
		{84DB23B2-E76D-4600-996E-9898FE52C242}.Release|x86.ActiveCfg = Release|Any CPU
		{84DB23B2-E76D-4600-996E-9898FE52C242}.Release|x86.Build.0 = Release|Any CPU
		{17FEF077-BC9C-458E-93A7-F57020D9C7D9}.Debug|Any CPU.ActiveCfg = Debug|Any CPU
		{17FEF077-BC9C-458E-93A7-F57020D9C7D9}.Debug|Any CPU.Build.0 = Debug|Any CPU
		{17FEF077-BC9C-458E-93A7-F57020D9C7D9}.Debug|x64.ActiveCfg = Debug|Any CPU
		{17FEF077-BC9C-458E-93A7-F57020D9C7D9}.Debug|x64.Build.0 = Debug|Any CPU
		{17FEF077-BC9C-458E-93A7-F57020D9C7D9}.Debug|x86.ActiveCfg = Debug|Any CPU
		{17FEF077-BC9C-458E-93A7-F57020D9C7D9}.Debug|x86.Build.0 = Debug|Any CPU
		{17FEF077-BC9C-458E-93A7-F57020D9C7D9}.Release|Any CPU.ActiveCfg = Release|Any CPU
		{17FEF077-BC9C-458E-93A7-F57020D9C7D9}.Release|Any CPU.Build.0 = Release|Any CPU
		{17FEF077-BC9C-458E-93A7-F57020D9C7D9}.Release|x64.ActiveCfg = Release|Any CPU
		{17FEF077-BC9C-458E-93A7-F57020D9C7D9}.Release|x64.Build.0 = Release|Any CPU
		{17FEF077-BC9C-458E-93A7-F57020D9C7D9}.Release|x86.ActiveCfg = Release|Any CPU
		{17FEF077-BC9C-458E-93A7-F57020D9C7D9}.Release|x86.Build.0 = Release|Any CPU
		{95641BD4-B922-40C1-8FA2-6A4D6B9CE681}.Debug|Any CPU.ActiveCfg = Debug|Any CPU
		{95641BD4-B922-40C1-8FA2-6A4D6B9CE681}.Debug|Any CPU.Build.0 = Debug|Any CPU
		{95641BD4-B922-40C1-8FA2-6A4D6B9CE681}.Debug|x64.ActiveCfg = Debug|Any CPU
		{95641BD4-B922-40C1-8FA2-6A4D6B9CE681}.Debug|x64.Build.0 = Debug|Any CPU
		{95641BD4-B922-40C1-8FA2-6A4D6B9CE681}.Debug|x86.ActiveCfg = Debug|Any CPU
		{95641BD4-B922-40C1-8FA2-6A4D6B9CE681}.Debug|x86.Build.0 = Debug|Any CPU
		{95641BD4-B922-40C1-8FA2-6A4D6B9CE681}.Release|Any CPU.ActiveCfg = Release|Any CPU
		{95641BD4-B922-40C1-8FA2-6A4D6B9CE681}.Release|Any CPU.Build.0 = Release|Any CPU
		{95641BD4-B922-40C1-8FA2-6A4D6B9CE681}.Release|x64.ActiveCfg = Release|Any CPU
		{95641BD4-B922-40C1-8FA2-6A4D6B9CE681}.Release|x64.Build.0 = Release|Any CPU
		{95641BD4-B922-40C1-8FA2-6A4D6B9CE681}.Release|x86.ActiveCfg = Release|Any CPU
		{95641BD4-B922-40C1-8FA2-6A4D6B9CE681}.Release|x86.Build.0 = Release|Any CPU
		{79F664BC-6160-4EE2-BD0C-AB9D798381E0}.Debug|Any CPU.ActiveCfg = Debug|Any CPU
		{79F664BC-6160-4EE2-BD0C-AB9D798381E0}.Debug|Any CPU.Build.0 = Debug|Any CPU
		{79F664BC-6160-4EE2-BD0C-AB9D798381E0}.Debug|x64.ActiveCfg = Debug|Any CPU
		{79F664BC-6160-4EE2-BD0C-AB9D798381E0}.Debug|x64.Build.0 = Debug|Any CPU
		{79F664BC-6160-4EE2-BD0C-AB9D798381E0}.Debug|x86.ActiveCfg = Debug|Any CPU
		{79F664BC-6160-4EE2-BD0C-AB9D798381E0}.Debug|x86.Build.0 = Debug|Any CPU
		{79F664BC-6160-4EE2-BD0C-AB9D798381E0}.Release|Any CPU.ActiveCfg = Release|Any CPU
		{79F664BC-6160-4EE2-BD0C-AB9D798381E0}.Release|Any CPU.Build.0 = Release|Any CPU
		{79F664BC-6160-4EE2-BD0C-AB9D798381E0}.Release|x64.ActiveCfg = Release|Any CPU
		{79F664BC-6160-4EE2-BD0C-AB9D798381E0}.Release|x64.Build.0 = Release|Any CPU
		{79F664BC-6160-4EE2-BD0C-AB9D798381E0}.Release|x86.ActiveCfg = Release|Any CPU
		{79F664BC-6160-4EE2-BD0C-AB9D798381E0}.Release|x86.Build.0 = Release|Any CPU
		{8DA72E49-0512-409E-ACE1-285924EBC879}.Debug|Any CPU.ActiveCfg = Debug|Any CPU
		{8DA72E49-0512-409E-ACE1-285924EBC879}.Debug|Any CPU.Build.0 = Debug|Any CPU
		{8DA72E49-0512-409E-ACE1-285924EBC879}.Debug|x64.ActiveCfg = Debug|Any CPU
		{8DA72E49-0512-409E-ACE1-285924EBC879}.Debug|x64.Build.0 = Debug|Any CPU
		{8DA72E49-0512-409E-ACE1-285924EBC879}.Debug|x86.ActiveCfg = Debug|Any CPU
		{8DA72E49-0512-409E-ACE1-285924EBC879}.Debug|x86.Build.0 = Debug|Any CPU
		{8DA72E49-0512-409E-ACE1-285924EBC879}.Release|Any CPU.ActiveCfg = Release|Any CPU
		{8DA72E49-0512-409E-ACE1-285924EBC879}.Release|Any CPU.Build.0 = Release|Any CPU
		{8DA72E49-0512-409E-ACE1-285924EBC879}.Release|x64.ActiveCfg = Release|Any CPU
		{8DA72E49-0512-409E-ACE1-285924EBC879}.Release|x64.Build.0 = Release|Any CPU
		{8DA72E49-0512-409E-ACE1-285924EBC879}.Release|x86.ActiveCfg = Release|Any CPU
		{8DA72E49-0512-409E-ACE1-285924EBC879}.Release|x86.Build.0 = Release|Any CPU
		{41C54A08-374F-448F-AECA-C20C665F1CCC}.Debug|Any CPU.ActiveCfg = Debug|Any CPU
		{41C54A08-374F-448F-AECA-C20C665F1CCC}.Debug|Any CPU.Build.0 = Debug|Any CPU
		{41C54A08-374F-448F-AECA-C20C665F1CCC}.Debug|x64.ActiveCfg = Debug|Any CPU
		{41C54A08-374F-448F-AECA-C20C665F1CCC}.Debug|x64.Build.0 = Debug|Any CPU
		{41C54A08-374F-448F-AECA-C20C665F1CCC}.Debug|x86.ActiveCfg = Debug|Any CPU
		{41C54A08-374F-448F-AECA-C20C665F1CCC}.Debug|x86.Build.0 = Debug|Any CPU
		{41C54A08-374F-448F-AECA-C20C665F1CCC}.Release|Any CPU.ActiveCfg = Release|Any CPU
		{41C54A08-374F-448F-AECA-C20C665F1CCC}.Release|Any CPU.Build.0 = Release|Any CPU
		{41C54A08-374F-448F-AECA-C20C665F1CCC}.Release|x64.ActiveCfg = Release|Any CPU
		{41C54A08-374F-448F-AECA-C20C665F1CCC}.Release|x64.Build.0 = Release|Any CPU
		{41C54A08-374F-448F-AECA-C20C665F1CCC}.Release|x86.ActiveCfg = Release|Any CPU
		{41C54A08-374F-448F-AECA-C20C665F1CCC}.Release|x86.Build.0 = Release|Any CPU
		{C1AB72FD-747A-4257-B8A3-A9018E9AAD65}.Debug|Any CPU.ActiveCfg = Debug|Any CPU
		{C1AB72FD-747A-4257-B8A3-A9018E9AAD65}.Debug|Any CPU.Build.0 = Debug|Any CPU
		{C1AB72FD-747A-4257-B8A3-A9018E9AAD65}.Debug|x64.ActiveCfg = Debug|Any CPU
		{C1AB72FD-747A-4257-B8A3-A9018E9AAD65}.Debug|x64.Build.0 = Debug|Any CPU
		{C1AB72FD-747A-4257-B8A3-A9018E9AAD65}.Debug|x86.ActiveCfg = Debug|Any CPU
		{C1AB72FD-747A-4257-B8A3-A9018E9AAD65}.Debug|x86.Build.0 = Debug|Any CPU
		{C1AB72FD-747A-4257-B8A3-A9018E9AAD65}.Release|Any CPU.ActiveCfg = Release|Any CPU
		{C1AB72FD-747A-4257-B8A3-A9018E9AAD65}.Release|Any CPU.Build.0 = Release|Any CPU
		{C1AB72FD-747A-4257-B8A3-A9018E9AAD65}.Release|x64.ActiveCfg = Release|Any CPU
		{C1AB72FD-747A-4257-B8A3-A9018E9AAD65}.Release|x64.Build.0 = Release|Any CPU
		{C1AB72FD-747A-4257-B8A3-A9018E9AAD65}.Release|x86.ActiveCfg = Release|Any CPU
		{C1AB72FD-747A-4257-B8A3-A9018E9AAD65}.Release|x86.Build.0 = Release|Any CPU
		{2CA740D2-2CC6-4FC6-87EA-65F456895AC5}.Debug|Any CPU.ActiveCfg = Debug|Any CPU
		{2CA740D2-2CC6-4FC6-87EA-65F456895AC5}.Debug|Any CPU.Build.0 = Debug|Any CPU
		{2CA740D2-2CC6-4FC6-87EA-65F456895AC5}.Debug|x64.ActiveCfg = Debug|Any CPU
		{2CA740D2-2CC6-4FC6-87EA-65F456895AC5}.Debug|x64.Build.0 = Debug|Any CPU
		{2CA740D2-2CC6-4FC6-87EA-65F456895AC5}.Debug|x86.ActiveCfg = Debug|Any CPU
		{2CA740D2-2CC6-4FC6-87EA-65F456895AC5}.Debug|x86.Build.0 = Debug|Any CPU
		{2CA740D2-2CC6-4FC6-87EA-65F456895AC5}.Release|Any CPU.ActiveCfg = Release|Any CPU
		{2CA740D2-2CC6-4FC6-87EA-65F456895AC5}.Release|Any CPU.Build.0 = Release|Any CPU
		{2CA740D2-2CC6-4FC6-87EA-65F456895AC5}.Release|x64.ActiveCfg = Release|Any CPU
		{2CA740D2-2CC6-4FC6-87EA-65F456895AC5}.Release|x64.Build.0 = Release|Any CPU
		{2CA740D2-2CC6-4FC6-87EA-65F456895AC5}.Release|x86.ActiveCfg = Release|Any CPU
		{2CA740D2-2CC6-4FC6-87EA-65F456895AC5}.Release|x86.Build.0 = Release|Any CPU
		{B8B8F961-37C3-44E2-BF19-19409B71E383}.Debug|Any CPU.ActiveCfg = Debug|Any CPU
		{B8B8F961-37C3-44E2-BF19-19409B71E383}.Debug|Any CPU.Build.0 = Debug|Any CPU
		{B8B8F961-37C3-44E2-BF19-19409B71E383}.Debug|x64.ActiveCfg = Debug|Any CPU
		{B8B8F961-37C3-44E2-BF19-19409B71E383}.Debug|x64.Build.0 = Debug|Any CPU
		{B8B8F961-37C3-44E2-BF19-19409B71E383}.Debug|x86.ActiveCfg = Debug|Any CPU
		{B8B8F961-37C3-44E2-BF19-19409B71E383}.Debug|x86.Build.0 = Debug|Any CPU
		{B8B8F961-37C3-44E2-BF19-19409B71E383}.Release|Any CPU.ActiveCfg = Release|Any CPU
		{B8B8F961-37C3-44E2-BF19-19409B71E383}.Release|Any CPU.Build.0 = Release|Any CPU
		{B8B8F961-37C3-44E2-BF19-19409B71E383}.Release|x64.ActiveCfg = Release|Any CPU
		{B8B8F961-37C3-44E2-BF19-19409B71E383}.Release|x64.Build.0 = Release|Any CPU
		{B8B8F961-37C3-44E2-BF19-19409B71E383}.Release|x86.ActiveCfg = Release|Any CPU
		{B8B8F961-37C3-44E2-BF19-19409B71E383}.Release|x86.Build.0 = Release|Any CPU
	EndGlobalSection
	GlobalSection(SolutionProperties) = preSolution
		HideSolutionNode = FALSE
	EndGlobalSection
	GlobalSection(NestedProjects) = preSolution
		{0DCC9B0A-695B-4CE4-9904-F86A3141D25D} = {D2FE3D6E-F069-4769-B9BC-34DA747A1622}
		{E328EAD5-C397-4F58-A9BE-34BE02D6A87B} = {D2FE3D6E-F069-4769-B9BC-34DA747A1622}
		{9BF9A642-6D4A-4E83-9488-EB3CEAFD80D0} = {1CD727B1-0B59-44C4-9B28-FE94CB82D656}
		{0B5D4321-2A3E-4E94-8CDD-B110434F26EF} = {1CD727B1-0B59-44C4-9B28-FE94CB82D656}
		{AEDB65A2-0F39-4F52-8174-229C7A53AA40} = {1CD727B1-0B59-44C4-9B28-FE94CB82D656}
		{6B33A318-EB6C-486B-8F6D-6DD0D7AAF4E1} = {0DCC9B0A-695B-4CE4-9904-F86A3141D25D}
		{8F43FADA-7266-4AD8-AD33-9D82439C4ED8} = {0DCC9B0A-695B-4CE4-9904-F86A3141D25D}
		{33472E83-4FAD-46F1-BE8B-B58B50E6AC9F} = {0DCC9B0A-695B-4CE4-9904-F86A3141D25D}
		{FA2393DC-AE89-4C17-81E9-D30E571ECC1F} = {0DCC9B0A-695B-4CE4-9904-F86A3141D25D}
		{A6E550D4-6630-4D4C-9E8E-299146B52787} = {0DCC9B0A-695B-4CE4-9904-F86A3141D25D}
		{D074B647-F661-415B-AE73-6D2678418434} = {0DCC9B0A-695B-4CE4-9904-F86A3141D25D}
		{01DC41C4-264F-4C3C-B9C0-453714ECE0D8} = {0DCC9B0A-695B-4CE4-9904-F86A3141D25D}
		{B2246CF6-EEA5-4165-B25A-2E00FC93108B} = {0DCC9B0A-695B-4CE4-9904-F86A3141D25D}
		{FA133D0E-9681-4326-8E5E-491F4A4AABA0} = {0DCC9B0A-695B-4CE4-9904-F86A3141D25D}
		{FCFAEF94-F21C-4543-B2BA-A46ECF0C13A3} = {E328EAD5-C397-4F58-A9BE-34BE02D6A87B}
		{8EE831C8-1A4F-4ABD-BA73-D95B130F41F3} = {0DCC9B0A-695B-4CE4-9904-F86A3141D25D}
		{0512B099-7575-49F2-BD07-9E23607957E9} = {9BF9A642-6D4A-4E83-9488-EB3CEAFD80D0}
		{82844136-A3FC-49F8-9BCE-4BE5AC5D0992} = {9BF9A642-6D4A-4E83-9488-EB3CEAFD80D0}
		{22C8D342-47E1-4678-8BD0-A125795C9C55} = {9BF9A642-6D4A-4E83-9488-EB3CEAFD80D0}
		{50B57DF5-C903-40FE-8844-F987DF47FF0E} = {AEDB65A2-0F39-4F52-8174-229C7A53AA40}
		{035E0FE1-3B26-4588-AD07-41AA9D63E261} = {AEDB65A2-0F39-4F52-8174-229C7A53AA40}
		{BDDA1C2B-175E-4FE9-94EA-0F16711921EB} = {AEDB65A2-0F39-4F52-8174-229C7A53AA40}
		{581AFC3D-452D-40EA-BC75-F56F9B539076} = {0B5D4321-2A3E-4E94-8CDD-B110434F26EF}
		{975C9C6D-04B5-482B-8A42-EC888789750C} = {0B5D4321-2A3E-4E94-8CDD-B110434F26EF}
		{F29D67FA-6398-4AD1-97C2-435020446635} = {0B5D4321-2A3E-4E94-8CDD-B110434F26EF}
		{6A500DED-4BA9-4F03-9F4D-E2D077050881} = {1CD727B1-0B59-44C4-9B28-FE94CB82D656}
		{5F2751A4-5D90-46B8-8F98-10482B438B3A} = {6A500DED-4BA9-4F03-9F4D-E2D077050881}
		{C607DB0C-FFD1-446E-8D97-53392607F0E2} = {6A500DED-4BA9-4F03-9F4D-E2D077050881}
		{AEA2C170-D525-46A5-8452-BD6C0A76D19F} = {1CD727B1-0B59-44C4-9B28-FE94CB82D656}
		{28A81AC0-6F7A-4A60-B8FB-770CCBE01FA4} = {AEA2C170-D525-46A5-8452-BD6C0A76D19F}
		{5AB09C27-DDDF-4683-96F5-32A2139142B5} = {AEA2C170-D525-46A5-8452-BD6C0A76D19F}
		{7911548B-FE36-4764-A7A5-7477E45E79B6} = {1CD727B1-0B59-44C4-9B28-FE94CB82D656}
		{4FA58E6D-4EAE-4142-A50F-499CD7D0A176} = {7911548B-FE36-4764-A7A5-7477E45E79B6}
		{C3197515-1CD3-41D9-8A57-1EA401B44F9C} = {7911548B-FE36-4764-A7A5-7477E45E79B6}
		{CE2FB8B9-15CF-41C6-8A4D-E4BE78027BCD} = {7911548B-FE36-4764-A7A5-7477E45E79B6}
		{BE0A9535-3782-412F-9310-AD055BDD342F} = {0DCC9B0A-695B-4CE4-9904-F86A3141D25D}
		{12874C34-1A01-439A-979D-B74361AC343B} = {7911548B-FE36-4764-A7A5-7477E45E79B6}
		{287FD5A4-193C-4D1D-897E-63705F6C261D} = {0DCC9B0A-695B-4CE4-9904-F86A3141D25D}
		{5CDED419-679B-4980-87B9-CA89F85BE831} = {1CD727B1-0B59-44C4-9B28-FE94CB82D656}
		{84DB23B2-E76D-4600-996E-9898FE52C242} = {5CDED419-679B-4980-87B9-CA89F85BE831}
		{17FEF077-BC9C-458E-93A7-F57020D9C7D9} = {0DCC9B0A-695B-4CE4-9904-F86A3141D25D}
		{95641BD4-B922-40C1-8FA2-6A4D6B9CE681} = {0DCC9B0A-695B-4CE4-9904-F86A3141D25D}
		{79F664BC-6160-4EE2-BD0C-AB9D798381E0} = {0DCC9B0A-695B-4CE4-9904-F86A3141D25D}
		{8DA72E49-0512-409E-ACE1-285924EBC879} = {0DCC9B0A-695B-4CE4-9904-F86A3141D25D}
		{03A0F27C-A16D-4598-B3E3-27ED8BF66F3F} = {1CD727B1-0B59-44C4-9B28-FE94CB82D656}
		{41C54A08-374F-448F-AECA-C20C665F1CCC} = {03A0F27C-A16D-4598-B3E3-27ED8BF66F3F}
		{C1AB72FD-747A-4257-B8A3-A9018E9AAD65} = {03A0F27C-A16D-4598-B3E3-27ED8BF66F3F}
		{2CA740D2-2CC6-4FC6-87EA-65F456895AC5} = {03A0F27C-A16D-4598-B3E3-27ED8BF66F3F}
		{B8B8F961-37C3-44E2-BF19-19409B71E383} = {9BF9A642-6D4A-4E83-9488-EB3CEAFD80D0}
		{2B5D02BB-F939-43A9-8DC7-E6C34D2E8AE6} = {D2FE3D6E-F069-4769-B9BC-34DA747A1622}
	EndGlobalSection
	GlobalSection(ExtensibilityGlobals) = postSolution
		SolutionGuid = {4E2CF7AA-C2D3-4126-A2F9-BCC47BB4321F}
	EndGlobalSection
EndGlobal
